// !$*UTF8*$!
{
	archiveVersion = 1;
	classes = {
	};
	objectVersion = 46;
	objects = {
/* Begin PBXBuildFile section */
		0207DA581B56EA530066E2B4 /* Images.xcassets in Resources */ = {isa = PBXBuildFile; fileRef = 0207DA571B56EA530066E2B4 /* Images.xcassets */; };
		1D3623260D0F684500981E51 /* AppDelegate.m in Sources */ = {isa = PBXBuildFile; fileRef = 1D3623250D0F684500981E51 /* AppDelegate.m */; };
		1D60589B0D05DD56006BFB54 /* main.m in Sources */ = {isa = PBXBuildFile; fileRef = 29B97316FDCFA39411CA2CEA /* main.m */; };
		301BF552109A68D80062928A /* libCordova.a in Frameworks */ = {isa = PBXBuildFile; fileRef = 301BF535109A57CC0062928A /* libCordova.a */; };
		302D95F114D2391D003F00A1 /* MainViewController.m in Sources */ = {isa = PBXBuildFile; fileRef = 302D95EF14D2391D003F00A1 /* MainViewController.m */; };
		302D95F214D2391D003F00A1 /* MainViewController.xib in Resources */ = {isa = PBXBuildFile; fileRef = 302D95F014D2391D003F00A1 /* MainViewController.xib */; };
		3047A5121AB8059700498E2A /* build-debug.xcconfig in Resources */ = {isa = PBXBuildFile; fileRef = 3047A50F1AB8059700498E2A /* build-debug.xcconfig */; };
		3047A5131AB8059700498E2A /* build-release.xcconfig in Resources */ = {isa = PBXBuildFile; fileRef = 3047A5101AB8059700498E2A /* build-release.xcconfig */; };
		3047A5141AB8059700498E2A /* build.xcconfig in Resources */ = {isa = PBXBuildFile; fileRef = 3047A5111AB8059700498E2A /* build.xcconfig */; };
		6AFF5BF91D6E424B00AB3073 /* CDVLaunchScreen.storyboard in Resources */ = {isa = PBXBuildFile; fileRef = 6AFF5BF81D6E424B00AB3073 /* CDVLaunchScreen.storyboard */; };
		313C3FB45DCD4B6FBCED1EB1 /* GoogleMaps.bundle in Resources */ = {isa = PBXBuildFile; fileRef = A014E396FE9F4C07B22409E0 /* GoogleMaps.bundle */; };
		AA82D89D1E0E4F5395AE7D0B /* Accelerate.framework in Frameworks */ = {isa = PBXBuildFile; fileRef = B87F95C40670430EABA515DF /* Accelerate.framework */; };
		3C162479291841A280F769CE /* CoreData.framework in Frameworks */ = {isa = PBXBuildFile; fileRef = 41E8BA3DF36546DBAB7E3E17 /* CoreData.framework */; };
		D1F9EEF33F1F4901B5DCA066 /* CoreLocation.framework in Frameworks */ = {isa = PBXBuildFile; fileRef = CBF13762F99A448582E6E846 /* CoreLocation.framework */; };
		3759F9382AE64A26929CA913 /* CoreTelephony.framework in Frameworks */ = {isa = PBXBuildFile; fileRef = 8FD5CC9DC86441508B63DA67 /* CoreTelephony.framework */; };
		6967D108F7C14369A12C6549 /* CoreText.framework in Frameworks */ = {isa = PBXBuildFile; fileRef = BAA342B4F32440DF9F044743 /* CoreText.framework */; };
		7DB4015276C947AC9CF1541E /* GLKit.framework in Frameworks */ = {isa = PBXBuildFile; fileRef = 092A6495BA4D430FAAC194B3 /* GLKit.framework */; };
		C3E7AF183B9344048DE2F3FA /* ImageIO.framework in Frameworks */ = {isa = PBXBuildFile; fileRef = D0DABDD9615942EF81BE40C9 /* ImageIO.framework */; };
		96C23440BA964977940E09CD /* libc++.tbd in Frameworks */ = {isa = PBXBuildFile; fileRef = 7FC9C25FD9F249A0B1AC321F /* libc++.tbd */; };
		02DC0B0233B245308E72325A /* libz.tbd in Frameworks */ = {isa = PBXBuildFile; fileRef = 10A2443BCDFD413D8D2190F6 /* libz.tbd */; };
		CCBC0479B0064FE581BF38E5 /* OpenGLES.framework in Frameworks */ = {isa = PBXBuildFile; fileRef = 2E15012D4FF54B27937797A0 /* OpenGLES.framework */; };
		00754ACE85BE4AF0B7BEE05E /* QuartzCore.framework in Frameworks */ = {isa = PBXBuildFile; fileRef = B7574F2FC9174BF295C9A038 /* QuartzCore.framework */; };
		10210142E9764D02994DAF2E /* SystemConfiguration.framework in Frameworks */ = {isa = PBXBuildFile; fileRef = 5241E362F5964290AEC32591 /* SystemConfiguration.framework */; };
		CF612A2B2A464D938D559195 /* UIKit.framework in Frameworks */ = {isa = PBXBuildFile; fileRef = 021A43B51C334C789291020B /* UIKit.framework */; };
		95280E9939F14D7FB05A0489 /* GoogleMapsBase.framework in Frameworks */ = {isa = PBXBuildFile; fileRef = 8064EC48EAF542C78151940F /* GoogleMapsBase.framework */; };
		55F157DE5551490CB8D9BC3E /* GoogleMaps.framework in Frameworks */ = {isa = PBXBuildFile; fileRef = 15FD15A63C5343559EF78C78 /* GoogleMaps.framework */; };
		C0F51C54F894493ABE38810B /* GoogleMapsCore.framework in Frameworks */ = {isa = PBXBuildFile; fileRef = 6A60F694E2084F2FB056CD6F /* GoogleMapsCore.framework */; };
		E14F2BBE1AB5465DBA3DBFC6 /* PluginCircle.m in Sources */ = {isa = PBXBuildFile; fileRef = AFE4985687B74E3983249059 /* PluginCircle.m */; };
		C50DEA812D2C42CCA5FB3D26 /* PluginGeocoder.m in Sources */ = {isa = PBXBuildFile; fileRef = 1EFD63C4DEA1421996936A68 /* PluginGeocoder.m */; };
		E40651A083AB4C5393E313E9 /* Environment.m in Sources */ = {isa = PBXBuildFile; fileRef = 1FD47A0A85A641B09AF94D22 /* Environment.m */; };
		66071D050ADA4C6E99758C87 /* CordovaGoogleMaps.m in Sources */ = {isa = PBXBuildFile; fileRef = 430BAF95729F4B619B7FE162 /* CordovaGoogleMaps.m */; };
		C4996A9731B34628B94F1521 /* GoogleMapsViewController.m in Sources */ = {isa = PBXBuildFile; fileRef = E755F5F826964969A044348A /* GoogleMapsViewController.m */; };
		F2B68244911D4DF98F30CA94 /* PluginGroundOverlay.m in Sources */ = {isa = PBXBuildFile; fileRef = ABA04CAE3EA4439598C94A8C /* PluginGroundOverlay.m */; };
		37E5A23234A143708286A8CD /* PluginKmlOverlay.m in Sources */ = {isa = PBXBuildFile; fileRef = 40E51ED6340C425F953B5806 /* PluginKmlOverlay.m */; };
		7A824B89F0224BE8A0F5E71C /* PluginMap.m in Sources */ = {isa = PBXBuildFile; fileRef = 969BB4EF75EB420093668645 /* PluginMap.m */; };
		57BCE5F73FC540719A798F25 /* PluginMarker.m in Sources */ = {isa = PBXBuildFile; fileRef = 38DCF1156E864AD09D75BBE9 /* PluginMarker.m */; };
		03FCBFD4EF95483193A654D3 /* PluginUtil.m in Sources */ = {isa = PBXBuildFile; fileRef = FC1CC2ADBC6243259BC51486 /* PluginUtil.m */; };
		AE19C933DABC4E31A806D88B /* PluginPolygon.m in Sources */ = {isa = PBXBuildFile; fileRef = 41CD682080404DF4A90EEE69 /* PluginPolygon.m */; };
		15DE9FC48EB54C149871BEDE /* PluginPolyline.m in Sources */ = {isa = PBXBuildFile; fileRef = 4A108E29C9DF49E5A44D9455 /* PluginPolyline.m */; };
		F6D8B4770437495D932DBAC0 /* PluginTileProvider.m in Sources */ = {isa = PBXBuildFile; fileRef = F4BCD94F43834AF893491B3B /* PluginTileProvider.m */; };
		23B4CF7AD14C4AD68E312408 /* TBXML.m in Sources */ = {isa = PBXBuildFile; fileRef = 5748DB00735E4B6FA94379AB /* TBXML.m */; };
		159E74FEE4A84528BDE479CA /* PluginTileOverlay.m in Sources */ = {isa = PBXBuildFile; fileRef = CE45BC4ECBFE4C94B6874993 /* PluginTileOverlay.m */; };
		09FA90BEEE0741D0AA5DA572 /* NSData+Base64.m in Sources */ = {isa = PBXBuildFile; fileRef = 85DA9E7D5A374DD28DF13B19 /* NSData+Base64.m */; };
		20A9FE463A4546ADB238463C /* GMSCoordinateBounds+Geometry.m in Sources */ = {isa = PBXBuildFile; fileRef = FACB0722B36348F8A0B1A372 /* GMSCoordinateBounds+Geometry.m */; };
		3F6D60F52C5946F19F0CFFFA /* MyPluginLayer.m in Sources */ = {isa = PBXBuildFile; fileRef = 1DD5C720370F400096EB376D /* MyPluginLayer.m */; };
		F75B7FD3D12147C5A53287B7 /* MyPluginLayerDebugView.m in Sources */ = {isa = PBXBuildFile; fileRef = 27F3CE016CE74B11ADC601A9 /* MyPluginLayerDebugView.m */; };
		1744685FB7924982B0CBAE6A /* MyPluginScrollView.m in Sources */ = {isa = PBXBuildFile; fileRef = 64CE240999794F999400C950 /* MyPluginScrollView.m */; };
		95A7A49BEEF847E9A66494AD /* PluginMarkerCluster.m in Sources */ = {isa = PBXBuildFile; fileRef = 3FDEBC1AF3324240A8F728BF /* PluginMarkerCluster.m */; };
		68661A3034F044C4B4D111CB /* UIImageCache.m in Sources */ = {isa = PBXBuildFile; fileRef = E670A1B216C94AD6A415A4ED /* UIImageCache.m */; };
/* End PBXBuildFile section */

/* Begin PBXContainerItemProxy section */
		301BF534109A57CC0062928A /* PBXContainerItemProxy */ = {
			isa = PBXContainerItemProxy;
			containerPortal = 301BF52D109A57CC0062928A /* CordovaLib.xcodeproj */;
			proxyType = 2;
			remoteGlobalIDString = D2AAC07E0554694100DB518D;
			remoteInfo = CordovaLib;
		};
		301BF550109A68C00062928A /* PBXContainerItemProxy */ = {
			isa = PBXContainerItemProxy;
			containerPortal = 301BF52D109A57CC0062928A /* CordovaLib.xcodeproj */;
			proxyType = 1;
			remoteGlobalIDString = D2AAC07D0554694100DB518D;
			remoteInfo = CordovaLib;
		};
/* End PBXContainerItemProxy section */

/* Begin PBXFileReference section */
		0207DA571B56EA530066E2B4 /* Images.xcassets */ = {isa = PBXFileReference; lastKnownFileType = folder.assetcatalog; name = Images.xcassets; path = "Wherr/Images.xcassets"; sourceTree = SOURCE_ROOT; };
		1D3623240D0F684500981E51 /* AppDelegate.h */ = {isa = PBXFileReference; fileEncoding = 4; lastKnownFileType = sourcecode.c.h; path = AppDelegate.h; sourceTree = "<group>"; };
		1D3623250D0F684500981E51 /* AppDelegate.m */ = {isa = PBXFileReference; fileEncoding = 4; lastKnownFileType = sourcecode.c.objc; path = AppDelegate.m; sourceTree = "<group>"; };
		1D6058910D05DD3D006BFB54 /* Wherr.app */ = {isa = PBXFileReference; explicitFileType = wrapper.application; includeInIndex = 0; path = "Wherr.app"; sourceTree = BUILT_PRODUCTS_DIR; };
		29B97316FDCFA39411CA2CEA /* main.m */ = {isa = PBXFileReference; fileEncoding = 4; lastKnownFileType = sourcecode.c.objc; path = main.m; sourceTree = "<group>"; };
		301BF52D109A57CC0062928A /* CordovaLib.xcodeproj */ = {isa = PBXFileReference; lastKnownFileType = "wrapper.pb-project"; path = CordovaLib/CordovaLib.xcodeproj; sourceTree = "<group>"; };
		301BF56E109A69640062928A /* www */ = {isa = PBXFileReference; lastKnownFileType = folder; path = www; sourceTree = SOURCE_ROOT; };
		302D95EE14D2391D003F00A1 /* MainViewController.h */ = {isa = PBXFileReference; fileEncoding = 4; lastKnownFileType = sourcecode.c.h; path = MainViewController.h; sourceTree = "<group>"; };
		302D95EF14D2391D003F00A1 /* MainViewController.m */ = {isa = PBXFileReference; fileEncoding = 4; lastKnownFileType = sourcecode.c.objc; path = MainViewController.m; sourceTree = "<group>"; };
		302D95F014D2391D003F00A1 /* MainViewController.xib */ = {isa = PBXFileReference; fileEncoding = 4; lastKnownFileType = file.xib; path = MainViewController.xib; sourceTree = "<group>"; };
		3047A50F1AB8059700498E2A /* build-debug.xcconfig */ = {isa = PBXFileReference; fileEncoding = 4; lastKnownFileType = text.xcconfig; name = "build-debug.xcconfig"; path = cordova/build-debug.xcconfig; sourceTree = SOURCE_ROOT; };
		3047A5101AB8059700498E2A /* build-release.xcconfig */ = {isa = PBXFileReference; fileEncoding = 4; lastKnownFileType = text.xcconfig; name = "build-release.xcconfig"; path = cordova/build-release.xcconfig; sourceTree = SOURCE_ROOT; };
		3047A5111AB8059700498E2A /* build.xcconfig */ = {isa = PBXFileReference; fileEncoding = 4; lastKnownFileType = text.xcconfig; name = build.xcconfig; path = cordova/build.xcconfig; sourceTree = SOURCE_ROOT; };
		32CA4F630368D1EE00C91783 /* Wherr-Prefix.pch */ = {isa = PBXFileReference; fileEncoding = 4; lastKnownFileType = sourcecode.c.h; path = "Wherr-Prefix.pch"; sourceTree = "<group>"; };
		6AFF5BF81D6E424B00AB3073 /* CDVLaunchScreen.storyboard */ = {isa = PBXFileReference; fileEncoding = 4; lastKnownFileType = file.storyboard; name = CDVLaunchScreen.storyboard; path = "Wherr/CDVLaunchScreen.storyboard"; sourceTree = SOURCE_ROOT; };
		8D1107310486CEB800E47090 /* Wherr-Info.plist */ = {isa = PBXFileReference; fileEncoding = 4; lastKnownFileType = text.plist.xml; name = "Wherr-Info.plist"; path = "Wherr/Wherr-Info.plist"; plistStructureDefinitionIdentifier = "com.apple.xcode.plist.structure-definition.iphone.info-plist"; sourceTree = SOURCE_ROOT; };
		EB87FDF31871DA8E0020F90C /* www */ = {isa = PBXFileReference; lastKnownFileType = folder; name = www; path = ../../www; sourceTree = "<group>"; };
		EB87FDF41871DAF40020F90C /* config.xml */ = {isa = PBXFileReference; lastKnownFileType = text.xml; name = config.xml; path = ../../config.xml; sourceTree = "<group>"; };
		F840E1F0165FE0F500CFE078 /* config.xml */ = {isa = PBXFileReference; lastKnownFileType = text.xml; name = config.xml; path = "Wherr/config.xml"; sourceTree = "<group>"; };
		ED33DF2A687741AEAF9F8254 /* Bridging-Header.h */ = {isa = PBXFileReference; fileEncoding = 4; lastKnownFileType = sourcecode.c.h; name = "Bridging-Header.h"; path = "Bridging-Header.h"; sourceTree = "<group>"; };
		A014E396FE9F4C07B22409E0 /* GoogleMaps.bundle */ = {isa = PBXFileReference; name = "GoogleMaps.bundle"; path = "GoogleMaps.bundle"; sourceTree = "<group>"; fileEncoding = undefined; lastKnownFileType = wrapper.plug-in; explicitFileType = undefined; includeInIndex = 0; };
		B87F95C40670430EABA515DF /* Accelerate.framework */ = {isa = PBXFileReference; name = "Accelerate.framework"; path = "System/Library/Frameworks/Accelerate.framework"; sourceTree = SDKROOT; fileEncoding = undefined; lastKnownFileType = wrapper.framework; explicitFileType = undefined; includeInIndex = 0; };
		41E8BA3DF36546DBAB7E3E17 /* CoreData.framework */ = {isa = PBXFileReference; name = "CoreData.framework"; path = "System/Library/Frameworks/CoreData.framework"; sourceTree = SDKROOT; fileEncoding = undefined; lastKnownFileType = wrapper.framework; explicitFileType = undefined; includeInIndex = 0; };
		CBF13762F99A448582E6E846 /* CoreLocation.framework */ = {isa = PBXFileReference; name = "CoreLocation.framework"; path = "System/Library/Frameworks/CoreLocation.framework"; sourceTree = SDKROOT; fileEncoding = undefined; lastKnownFileType = wrapper.framework; explicitFileType = undefined; includeInIndex = 0; };
		8FD5CC9DC86441508B63DA67 /* CoreTelephony.framework */ = {isa = PBXFileReference; name = "CoreTelephony.framework"; path = "System/Library/Frameworks/CoreTelephony.framework"; sourceTree = SDKROOT; fileEncoding = undefined; lastKnownFileType = wrapper.framework; explicitFileType = undefined; includeInIndex = 0; };
		BAA342B4F32440DF9F044743 /* CoreText.framework */ = {isa = PBXFileReference; name = "CoreText.framework"; path = "System/Library/Frameworks/CoreText.framework"; sourceTree = SDKROOT; fileEncoding = undefined; lastKnownFileType = wrapper.framework; explicitFileType = undefined; includeInIndex = 0; };
		092A6495BA4D430FAAC194B3 /* GLKit.framework */ = {isa = PBXFileReference; name = "GLKit.framework"; path = "System/Library/Frameworks/GLKit.framework"; sourceTree = SDKROOT; fileEncoding = undefined; lastKnownFileType = wrapper.framework; explicitFileType = undefined; includeInIndex = 0; };
		D0DABDD9615942EF81BE40C9 /* ImageIO.framework */ = {isa = PBXFileReference; name = "ImageIO.framework"; path = "System/Library/Frameworks/ImageIO.framework"; sourceTree = SDKROOT; fileEncoding = undefined; lastKnownFileType = wrapper.framework; explicitFileType = undefined; includeInIndex = 0; };
		7FC9C25FD9F249A0B1AC321F /* libc++.tbd */ = {isa = PBXFileReference; name = "libc++.tbd"; path = "usr/lib/libc++.tbd"; sourceTree = SDKROOT; fileEncoding = undefined; lastKnownFileType = sourcecode.text-based-dylib-definition; explicitFileType = undefined; includeInIndex = 0; };
		10A2443BCDFD413D8D2190F6 /* libz.tbd */ = {isa = PBXFileReference; name = "libz.tbd"; path = "usr/lib/libz.tbd"; sourceTree = SDKROOT; fileEncoding = undefined; lastKnownFileType = sourcecode.text-based-dylib-definition; explicitFileType = undefined; includeInIndex = 0; };
		2E15012D4FF54B27937797A0 /* OpenGLES.framework */ = {isa = PBXFileReference; name = "OpenGLES.framework"; path = "System/Library/Frameworks/OpenGLES.framework"; sourceTree = SDKROOT; fileEncoding = undefined; lastKnownFileType = wrapper.framework; explicitFileType = undefined; includeInIndex = 0; };
		B7574F2FC9174BF295C9A038 /* QuartzCore.framework */ = {isa = PBXFileReference; name = "QuartzCore.framework"; path = "System/Library/Frameworks/QuartzCore.framework"; sourceTree = SDKROOT; fileEncoding = undefined; lastKnownFileType = wrapper.framework; explicitFileType = undefined; includeInIndex = 0; };
		5241E362F5964290AEC32591 /* SystemConfiguration.framework */ = {isa = PBXFileReference; name = "SystemConfiguration.framework"; path = "System/Library/Frameworks/SystemConfiguration.framework"; sourceTree = SDKROOT; fileEncoding = undefined; lastKnownFileType = wrapper.framework; explicitFileType = undefined; includeInIndex = 0; };
		021A43B51C334C789291020B /* UIKit.framework */ = {isa = PBXFileReference; name = "UIKit.framework"; path = "System/Library/Frameworks/UIKit.framework"; sourceTree = SDKROOT; fileEncoding = undefined; lastKnownFileType = wrapper.framework; explicitFileType = undefined; includeInIndex = 0; };
		8064EC48EAF542C78151940F /* GoogleMapsBase.framework */ = {isa = PBXFileReference; name = "GoogleMapsBase.framework"; path = "Wherr/Plugins/com.googlemaps.ios/GoogleMapsBase.framework"; sourceTree = "<group>"; fileEncoding = undefined; lastKnownFileType = wrapper.framework; explicitFileType = undefined; includeInIndex = 0; };
		15FD15A63C5343559EF78C78 /* GoogleMaps.framework */ = {isa = PBXFileReference; name = "GoogleMaps.framework"; path = "Wherr/Plugins/com.googlemaps.ios/GoogleMaps.framework"; sourceTree = "<group>"; fileEncoding = undefined; lastKnownFileType = wrapper.framework; explicitFileType = undefined; includeInIndex = 0; };
		6A60F694E2084F2FB056CD6F /* GoogleMapsCore.framework */ = {isa = PBXFileReference; name = "GoogleMapsCore.framework"; path = "Wherr/Plugins/com.googlemaps.ios/GoogleMapsCore.framework"; sourceTree = "<group>"; fileEncoding = undefined; lastKnownFileType = wrapper.framework; explicitFileType = undefined; includeInIndex = 0; };
		AFE4985687B74E3983249059 /* PluginCircle.m */ = {isa = PBXFileReference; name = "PluginCircle.m"; path = "cordova-plugin-googlemaps/PluginCircle.m"; sourceTree = "<group>"; fileEncoding = 4; lastKnownFileType = sourcecode.c.objc; explicitFileType = undefined; includeInIndex = 0; };
		1EFD63C4DEA1421996936A68 /* PluginGeocoder.m */ = {isa = PBXFileReference; name = "PluginGeocoder.m"; path = "cordova-plugin-googlemaps/PluginGeocoder.m"; sourceTree = "<group>"; fileEncoding = 4; lastKnownFileType = sourcecode.c.objc; explicitFileType = undefined; includeInIndex = 0; };
		1FD47A0A85A641B09AF94D22 /* Environment.m */ = {isa = PBXFileReference; name = "Environment.m"; path = "cordova-plugin-googlemaps/Environment.m"; sourceTree = "<group>"; fileEncoding = 4; lastKnownFileType = sourcecode.c.objc; explicitFileType = undefined; includeInIndex = 0; };
		430BAF95729F4B619B7FE162 /* CordovaGoogleMaps.m */ = {isa = PBXFileReference; name = "CordovaGoogleMaps.m"; path = "cordova-plugin-googlemaps/CordovaGoogleMaps.m"; sourceTree = "<group>"; fileEncoding = 4; lastKnownFileType = sourcecode.c.objc; explicitFileType = undefined; includeInIndex = 0; };
		E755F5F826964969A044348A /* GoogleMapsViewController.m */ = {isa = PBXFileReference; name = "GoogleMapsViewController.m"; path = "cordova-plugin-googlemaps/GoogleMapsViewController.m"; sourceTree = "<group>"; fileEncoding = 4; lastKnownFileType = sourcecode.c.objc; explicitFileType = undefined; includeInIndex = 0; };
		ABA04CAE3EA4439598C94A8C /* PluginGroundOverlay.m */ = {isa = PBXFileReference; name = "PluginGroundOverlay.m"; path = "cordova-plugin-googlemaps/PluginGroundOverlay.m"; sourceTree = "<group>"; fileEncoding = 4; lastKnownFileType = sourcecode.c.objc; explicitFileType = undefined; includeInIndex = 0; };
		40E51ED6340C425F953B5806 /* PluginKmlOverlay.m */ = {isa = PBXFileReference; name = "PluginKmlOverlay.m"; path = "cordova-plugin-googlemaps/PluginKmlOverlay.m"; sourceTree = "<group>"; fileEncoding = 4; lastKnownFileType = sourcecode.c.objc; explicitFileType = undefined; includeInIndex = 0; };
		969BB4EF75EB420093668645 /* PluginMap.m */ = {isa = PBXFileReference; name = "PluginMap.m"; path = "cordova-plugin-googlemaps/PluginMap.m"; sourceTree = "<group>"; fileEncoding = 4; lastKnownFileType = sourcecode.c.objc; explicitFileType = undefined; includeInIndex = 0; };
		38DCF1156E864AD09D75BBE9 /* PluginMarker.m */ = {isa = PBXFileReference; name = "PluginMarker.m"; path = "cordova-plugin-googlemaps/PluginMarker.m"; sourceTree = "<group>"; fileEncoding = 4; lastKnownFileType = sourcecode.c.objc; explicitFileType = undefined; includeInIndex = 0; };
		FC1CC2ADBC6243259BC51486 /* PluginUtil.m */ = {isa = PBXFileReference; name = "PluginUtil.m"; path = "cordova-plugin-googlemaps/PluginUtil.m"; sourceTree = "<group>"; fileEncoding = 4; lastKnownFileType = sourcecode.c.objc; explicitFileType = undefined; includeInIndex = 0; };
		41CD682080404DF4A90EEE69 /* PluginPolygon.m */ = {isa = PBXFileReference; name = "PluginPolygon.m"; path = "cordova-plugin-googlemaps/PluginPolygon.m"; sourceTree = "<group>"; fileEncoding = 4; lastKnownFileType = sourcecode.c.objc; explicitFileType = undefined; includeInIndex = 0; };
		4A108E29C9DF49E5A44D9455 /* PluginPolyline.m */ = {isa = PBXFileReference; name = "PluginPolyline.m"; path = "cordova-plugin-googlemaps/PluginPolyline.m"; sourceTree = "<group>"; fileEncoding = 4; lastKnownFileType = sourcecode.c.objc; explicitFileType = undefined; includeInIndex = 0; };
		F4BCD94F43834AF893491B3B /* PluginTileProvider.m */ = {isa = PBXFileReference; name = "PluginTileProvider.m"; path = "cordova-plugin-googlemaps/PluginTileProvider.m"; sourceTree = "<group>"; fileEncoding = 4; lastKnownFileType = sourcecode.c.objc; explicitFileType = undefined; includeInIndex = 0; };
		5748DB00735E4B6FA94379AB /* TBXML.m */ = {isa = PBXFileReference; name = "TBXML.m"; path = "cordova-plugin-googlemaps/TBXML.m"; sourceTree = "<group>"; fileEncoding = 4; lastKnownFileType = sourcecode.c.objc; explicitFileType = undefined; includeInIndex = 0; };
		CE45BC4ECBFE4C94B6874993 /* PluginTileOverlay.m */ = {isa = PBXFileReference; name = "PluginTileOverlay.m"; path = "cordova-plugin-googlemaps/PluginTileOverlay.m"; sourceTree = "<group>"; fileEncoding = 4; lastKnownFileType = sourcecode.c.objc; explicitFileType = undefined; includeInIndex = 0; };
		85DA9E7D5A374DD28DF13B19 /* NSData+Base64.m */ = {isa = PBXFileReference; name = "NSData+Base64.m"; path = "cordova-plugin-googlemaps/NSData+Base64.m"; sourceTree = "<group>"; fileEncoding = 4; lastKnownFileType = sourcecode.c.objc; explicitFileType = undefined; includeInIndex = 0; };
		FACB0722B36348F8A0B1A372 /* GMSCoordinateBounds+Geometry.m */ = {isa = PBXFileReference; name = "GMSCoordinateBounds+Geometry.m"; path = "cordova-plugin-googlemaps/GMSCoordinateBounds+Geometry.m"; sourceTree = "<group>"; fileEncoding = 4; lastKnownFileType = sourcecode.c.objc; explicitFileType = undefined; includeInIndex = 0; };
		1DD5C720370F400096EB376D /* MyPluginLayer.m */ = {isa = PBXFileReference; name = "MyPluginLayer.m"; path = "cordova-plugin-googlemaps/MyPluginLayer.m"; sourceTree = "<group>"; fileEncoding = 4; lastKnownFileType = sourcecode.c.objc; explicitFileType = undefined; includeInIndex = 0; };
		27F3CE016CE74B11ADC601A9 /* MyPluginLayerDebugView.m */ = {isa = PBXFileReference; name = "MyPluginLayerDebugView.m"; path = "cordova-plugin-googlemaps/MyPluginLayerDebugView.m"; sourceTree = "<group>"; fileEncoding = 4; lastKnownFileType = sourcecode.c.objc; explicitFileType = undefined; includeInIndex = 0; };
		64CE240999794F999400C950 /* MyPluginScrollView.m */ = {isa = PBXFileReference; name = "MyPluginScrollView.m"; path = "cordova-plugin-googlemaps/MyPluginScrollView.m"; sourceTree = "<group>"; fileEncoding = 4; lastKnownFileType = sourcecode.c.objc; explicitFileType = undefined; includeInIndex = 0; };
		3FDEBC1AF3324240A8F728BF /* PluginMarkerCluster.m */ = {isa = PBXFileReference; name = "PluginMarkerCluster.m"; path = "cordova-plugin-googlemaps/PluginMarkerCluster.m"; sourceTree = "<group>"; fileEncoding = 4; lastKnownFileType = sourcecode.c.objc; explicitFileType = undefined; includeInIndex = 0; };
		E670A1B216C94AD6A415A4ED /* UIImageCache.m */ = {isa = PBXFileReference; name = "UIImageCache.m"; path = "cordova-plugin-googlemaps/UIImageCache.m"; sourceTree = "<group>"; fileEncoding = 4; lastKnownFileType = sourcecode.c.objc; explicitFileType = undefined; includeInIndex = 0; };
		C9F520A4B0994767862C407F /* PluginCircle.h */ = {isa = PBXFileReference; name = "PluginCircle.h"; path = "cordova-plugin-googlemaps/PluginCircle.h"; sourceTree = "<group>"; fileEncoding = 4; lastKnownFileType = sourcecode.c.h; explicitFileType = undefined; includeInIndex = 0; };
		7D19876F19044D4BA796E854 /* PluginGeocoder.h */ = {isa = PBXFileReference; name = "PluginGeocoder.h"; path = "cordova-plugin-googlemaps/PluginGeocoder.h"; sourceTree = "<group>"; fileEncoding = 4; lastKnownFileType = sourcecode.c.h; explicitFileType = undefined; includeInIndex = 0; };
		9EA5D235B4D14BFD81C5F2FA /* Environment.h */ = {isa = PBXFileReference; name = "Environment.h"; path = "cordova-plugin-googlemaps/Environment.h"; sourceTree = "<group>"; fileEncoding = 4; lastKnownFileType = sourcecode.c.h; explicitFileType = undefined; includeInIndex = 0; };
		59452C0249C6473AA85EA623 /* CordovaGoogleMaps.h */ = {isa = PBXFileReference; name = "CordovaGoogleMaps.h"; path = "cordova-plugin-googlemaps/CordovaGoogleMaps.h"; sourceTree = "<group>"; fileEncoding = 4; lastKnownFileType = sourcecode.c.h; explicitFileType = undefined; includeInIndex = 0; };
		4BBA5D1C73924404B31BB2CD /* GoogleMapsViewController.h */ = {isa = PBXFileReference; name = "GoogleMapsViewController.h"; path = "cordova-plugin-googlemaps/GoogleMapsViewController.h"; sourceTree = "<group>"; fileEncoding = 4; lastKnownFileType = sourcecode.c.h; explicitFileType = undefined; includeInIndex = 0; };
		5875DB7335CD414BAB6BF59F /* PluginGroundOverlay.h */ = {isa = PBXFileReference; name = "PluginGroundOverlay.h"; path = "cordova-plugin-googlemaps/PluginGroundOverlay.h"; sourceTree = "<group>"; fileEncoding = 4; lastKnownFileType = sourcecode.c.h; explicitFileType = undefined; includeInIndex = 0; };
		43FA23954CB044D089D07D08 /* PluginKmlOverlay.h */ = {isa = PBXFileReference; name = "PluginKmlOverlay.h"; path = "cordova-plugin-googlemaps/PluginKmlOverlay.h"; sourceTree = "<group>"; fileEncoding = 4; lastKnownFileType = sourcecode.c.h; explicitFileType = undefined; includeInIndex = 0; };
		F2783AA91DF8454D9BE4B982 /* PluginMap.h */ = {isa = PBXFileReference; name = "PluginMap.h"; path = "cordova-plugin-googlemaps/PluginMap.h"; sourceTree = "<group>"; fileEncoding = 4; lastKnownFileType = sourcecode.c.h; explicitFileType = undefined; includeInIndex = 0; };
		7B9FAB4D2CA94724A228580D /* PluginMarker.h */ = {isa = PBXFileReference; name = "PluginMarker.h"; path = "cordova-plugin-googlemaps/PluginMarker.h"; sourceTree = "<group>"; fileEncoding = 4; lastKnownFileType = sourcecode.c.h; explicitFileType = undefined; includeInIndex = 0; };
		CCE0D40C45234E7A9554EF90 /* MyPlgunProtocol.h */ = {isa = PBXFileReference; name = "MyPlgunProtocol.h"; path = "cordova-plugin-googlemaps/MyPlgunProtocol.h"; sourceTree = "<group>"; fileEncoding = 4; lastKnownFileType = sourcecode.c.h; explicitFileType = undefined; includeInIndex = 0; };
		21BB8B1919AF4B52BDD5CCEB /* PluginUtil.h */ = {isa = PBXFileReference; name = "PluginUtil.h"; path = "cordova-plugin-googlemaps/PluginUtil.h"; sourceTree = "<group>"; fileEncoding = 4; lastKnownFileType = sourcecode.c.h; explicitFileType = undefined; includeInIndex = 0; };
		08D40E3AFA4640688E6E9B45 /* PluginPolygon.h */ = {isa = PBXFileReference; name = "PluginPolygon.h"; path = "cordova-plugin-googlemaps/PluginPolygon.h"; sourceTree = "<group>"; fileEncoding = 4; lastKnownFileType = sourcecode.c.h; explicitFileType = undefined; includeInIndex = 0; };
		4AEFEBF271104EFF8C37D60B /* PluginPolyline.h */ = {isa = PBXFileReference; name = "PluginPolyline.h"; path = "cordova-plugin-googlemaps/PluginPolyline.h"; sourceTree = "<group>"; fileEncoding = 4; lastKnownFileType = sourcecode.c.h; explicitFileType = undefined; includeInIndex = 0; };
		5037A5A4849C45D8908CC17B /* PluginTileProvider.h */ = {isa = PBXFileReference; name = "PluginTileProvider.h"; path = "cordova-plugin-googlemaps/PluginTileProvider.h"; sourceTree = "<group>"; fileEncoding = 4; lastKnownFileType = sourcecode.c.h; explicitFileType = undefined; includeInIndex = 0; };
		CBFD2A8F922748F281D8AB66 /* TBXML.h */ = {isa = PBXFileReference; name = "TBXML.h"; path = "cordova-plugin-googlemaps/TBXML.h"; sourceTree = "<group>"; fileEncoding = 4; lastKnownFileType = sourcecode.c.h; explicitFileType = undefined; includeInIndex = 0; };
		4F6EDB9922FF41D0899BDA39 /* PluginTileOverlay.h */ = {isa = PBXFileReference; name = "PluginTileOverlay.h"; path = "cordova-plugin-googlemaps/PluginTileOverlay.h"; sourceTree = "<group>"; fileEncoding = 4; lastKnownFileType = sourcecode.c.h; explicitFileType = undefined; includeInIndex = 0; };
		FBB3FE4A4B734B5FA332123B /* NSData+Base64.h */ = {isa = PBXFileReference; name = "NSData+Base64.h"; path = "cordova-plugin-googlemaps/NSData+Base64.h"; sourceTree = "<group>"; fileEncoding = 4; lastKnownFileType = sourcecode.c.h; explicitFileType = undefined; includeInIndex = 0; };
		E740440878E843F2AC960101 /* NSData+Base64.podspec */ = {isa = PBXFileReference; name = "NSData+Base64.podspec"; path = "cordova-plugin-googlemaps/NSData+Base64.podspec"; sourceTree = "<group>"; fileEncoding = undefined; lastKnownFileType = unknown; explicitFileType = undefined; includeInIndex = 0; };
		6D7B9BD11D5E4C24AC4BF73D /* GMSCoordinateBounds+Geometry.h */ = {isa = PBXFileReference; name = "GMSCoordinateBounds+Geometry.h"; path = "cordova-plugin-googlemaps/GMSCoordinateBounds+Geometry.h"; sourceTree = "<group>"; fileEncoding = 4; lastKnownFileType = sourcecode.c.h; explicitFileType = undefined; includeInIndex = 0; };
		D1FBF347B570431099EAD979 /* MyPluginLayer.h */ = {isa = PBXFileReference; name = "MyPluginLayer.h"; path = "cordova-plugin-googlemaps/MyPluginLayer.h"; sourceTree = "<group>"; fileEncoding = 4; lastKnownFileType = sourcecode.c.h; explicitFileType = undefined; includeInIndex = 0; };
		4E7CE141C7F647519BE5EA22 /* MyPluginLayerDebugView.h */ = {isa = PBXFileReference; name = "MyPluginLayerDebugView.h"; path = "cordova-plugin-googlemaps/MyPluginLayerDebugView.h"; sourceTree = "<group>"; fileEncoding = 4; lastKnownFileType = sourcecode.c.h; explicitFileType = undefined; includeInIndex = 0; };
		1C9794304CD64B04B96F8DF4 /* MyPluginScrollView.h */ = {isa = PBXFileReference; name = "MyPluginScrollView.h"; path = "cordova-plugin-googlemaps/MyPluginScrollView.h"; sourceTree = "<group>"; fileEncoding = 4; lastKnownFileType = sourcecode.c.h; explicitFileType = undefined; includeInIndex = 0; };
		E95B2216C62F4477B27AC93D /* PluginMarkerCluster.h */ = {isa = PBXFileReference; name = "PluginMarkerCluster.h"; path = "cordova-plugin-googlemaps/PluginMarkerCluster.h"; sourceTree = "<group>"; fileEncoding = 4; lastKnownFileType = sourcecode.c.h; explicitFileType = undefined; includeInIndex = 0; };
		64CAD7DB0DC64B2C91697F47 /* UIImageCache.h */ = {isa = PBXFileReference; name = "UIImageCache.h"; path = "cordova-plugin-googlemaps/UIImageCache.h"; sourceTree = "<group>"; fileEncoding = 4; lastKnownFileType = sourcecode.c.h; explicitFileType = undefined; includeInIndex = 0; };
/* End PBXFileReference section */

/* Begin PBXFrameworksBuildPhase section */
		1D60588F0D05DD3D006BFB54 /* Frameworks */ = {
			isa = PBXFrameworksBuildPhase;
			buildActionMask = 2147483647;
			files = (
				301BF552109A68D80062928A /* libCordova.a in Frameworks */,
				AA82D89D1E0E4F5395AE7D0B /* Accelerate.framework in Frameworks */,
				3C162479291841A280F769CE /* CoreData.framework in Frameworks */,
				D1F9EEF33F1F4901B5DCA066 /* CoreLocation.framework in Frameworks */,
				3759F9382AE64A26929CA913 /* CoreTelephony.framework in Frameworks */,
				6967D108F7C14369A12C6549 /* CoreText.framework in Frameworks */,
				7DB4015276C947AC9CF1541E /* GLKit.framework in Frameworks */,
				C3E7AF183B9344048DE2F3FA /* ImageIO.framework in Frameworks */,
				96C23440BA964977940E09CD /* libc++.tbd in Frameworks */,
				02DC0B0233B245308E72325A /* libz.tbd in Frameworks */,
				CCBC0479B0064FE581BF38E5 /* OpenGLES.framework in Frameworks */,
				00754ACE85BE4AF0B7BEE05E /* QuartzCore.framework in Frameworks */,
				10210142E9764D02994DAF2E /* SystemConfiguration.framework in Frameworks */,
				CF612A2B2A464D938D559195 /* UIKit.framework in Frameworks */,
				95280E9939F14D7FB05A0489 /* GoogleMapsBase.framework in Frameworks */,
				55F157DE5551490CB8D9BC3E /* GoogleMaps.framework in Frameworks */,
				C0F51C54F894493ABE38810B /* GoogleMapsCore.framework in Frameworks */,
			);
			runOnlyForDeploymentPostprocessing = 0;
		};
/* End PBXFrameworksBuildPhase section */

/* Begin PBXGroup section */
		080E96DDFE201D6D7F000001 /* Classes */ = {
			isa = PBXGroup;
			children = (
				302D95EE14D2391D003F00A1 /* MainViewController.h */,
				302D95EF14D2391D003F00A1 /* MainViewController.m */,
				302D95F014D2391D003F00A1 /* MainViewController.xib */,
				1D3623240D0F684500981E51 /* AppDelegate.h */,
				1D3623250D0F684500981E51 /* AppDelegate.m */,
			);
			name = Classes;
			path = "Wherr/Classes";
			sourceTree = SOURCE_ROOT;
		};
		19C28FACFE9D520D11CA2CBB /* Products */ = {
			isa = PBXGroup;
			children = (
				1D6058910D05DD3D006BFB54 /* Wherr.app */,
			);
			name = Products;
			sourceTree = "<group>";
		};
		29B97314FDCFA39411CA2CEA /* CustomTemplate */ = {
			isa = PBXGroup;
			children = (
				EB87FDF41871DAF40020F90C /* config.xml */,
				EB87FDF31871DA8E0020F90C /* www */,
				EB87FDF11871DA420020F90C /* Staging */,
				301BF52D109A57CC0062928A /* CordovaLib.xcodeproj */,
				080E96DDFE201D6D7F000001 /* Classes */,
				307C750510C5A3420062BCA9 /* Plugins */,
				29B97315FDCFA39411CA2CEA /* Other Sources */,
				29B97317FDCFA39411CA2CEA /* Resources */,
				29B97323FDCFA39411CA2CEA /* Frameworks */,
				19C28FACFE9D520D11CA2CBB /* Products */,
			);
			name = CustomTemplate;
			sourceTree = "<group>";
		};
		29B97315FDCFA39411CA2CEA /* Other Sources */ = {
			isa = PBXGroup;
			children = (
				32CA4F630368D1EE00C91783 /* Wherr-Prefix.pch */,
				29B97316FDCFA39411CA2CEA /* main.m */,
				ED33DF2A687741AEAF9F8254 /* Bridging-Header.h */,
			);
			name = "Other Sources";
			path = "Wherr";
			sourceTree = "<group>";
		};
		29B97317FDCFA39411CA2CEA /* Resources */ = {
			isa = PBXGroup;
			children = (
				0207DA571B56EA530066E2B4 /* Images.xcassets */,
				3047A50E1AB8057F00498E2A /* config */,
				8D1107310486CEB800E47090 /* Wherr-Info.plist */,
				6AFF5BF81D6E424B00AB3073 /* CDVLaunchScreen.storyboard */,
				A014E396FE9F4C07B22409E0 /* GoogleMaps.bundle */,
			);
			name = Resources;
			path = "Wherr/Resources";
			sourceTree = "<group>";
		};
		29B97323FDCFA39411CA2CEA /* Frameworks */ = {
			isa = PBXGroup;
			children = (
				B87F95C40670430EABA515DF /* Accelerate.framework */,
				41E8BA3DF36546DBAB7E3E17 /* CoreData.framework */,
				CBF13762F99A448582E6E846 /* CoreLocation.framework */,
				8FD5CC9DC86441508B63DA67 /* CoreTelephony.framework */,
				BAA342B4F32440DF9F044743 /* CoreText.framework */,
				092A6495BA4D430FAAC194B3 /* GLKit.framework */,
				D0DABDD9615942EF81BE40C9 /* ImageIO.framework */,
				7FC9C25FD9F249A0B1AC321F /* libc++.tbd */,
				10A2443BCDFD413D8D2190F6 /* libz.tbd */,
				2E15012D4FF54B27937797A0 /* OpenGLES.framework */,
				B7574F2FC9174BF295C9A038 /* QuartzCore.framework */,
				5241E362F5964290AEC32591 /* SystemConfiguration.framework */,
				021A43B51C334C789291020B /* UIKit.framework */,
				8064EC48EAF542C78151940F /* GoogleMapsBase.framework */,
				15FD15A63C5343559EF78C78 /* GoogleMaps.framework */,
				6A60F694E2084F2FB056CD6F /* GoogleMapsCore.framework */,
			);
			name = Frameworks;
			sourceTree = "<group>";
		};
		301BF52E109A57CC0062928A /* Products */ = {
			isa = PBXGroup;
			children = (
				301BF535109A57CC0062928A /* libCordova.a */,
			);
			name = Products;
			sourceTree = "<group>";
		};
		3047A50E1AB8057F00498E2A /* config */ = {
			isa = PBXGroup;
			children = (
				3047A50F1AB8059700498E2A /* build-debug.xcconfig */,
				3047A5101AB8059700498E2A /* build-release.xcconfig */,
				3047A5111AB8059700498E2A /* build.xcconfig */,
			);
			name = config;
			sourceTree = "<group>";
		};
		307C750510C5A3420062BCA9 /* Plugins */ = {
			isa = PBXGroup;
			children = (
				AFE4985687B74E3983249059 /* PluginCircle.m */,
				1EFD63C4DEA1421996936A68 /* PluginGeocoder.m */,
				1FD47A0A85A641B09AF94D22 /* Environment.m */,
				430BAF95729F4B619B7FE162 /* CordovaGoogleMaps.m */,
				E755F5F826964969A044348A /* GoogleMapsViewController.m */,
				ABA04CAE3EA4439598C94A8C /* PluginGroundOverlay.m */,
				40E51ED6340C425F953B5806 /* PluginKmlOverlay.m */,
				969BB4EF75EB420093668645 /* PluginMap.m */,
				38DCF1156E864AD09D75BBE9 /* PluginMarker.m */,
				FC1CC2ADBC6243259BC51486 /* PluginUtil.m */,
				41CD682080404DF4A90EEE69 /* PluginPolygon.m */,
				4A108E29C9DF49E5A44D9455 /* PluginPolyline.m */,
				F4BCD94F43834AF893491B3B /* PluginTileProvider.m */,
				5748DB00735E4B6FA94379AB /* TBXML.m */,
				CE45BC4ECBFE4C94B6874993 /* PluginTileOverlay.m */,
				85DA9E7D5A374DD28DF13B19 /* NSData+Base64.m */,
				FACB0722B36348F8A0B1A372 /* GMSCoordinateBounds+Geometry.m */,
				1DD5C720370F400096EB376D /* MyPluginLayer.m */,
				27F3CE016CE74B11ADC601A9 /* MyPluginLayerDebugView.m */,
				64CE240999794F999400C950 /* MyPluginScrollView.m */,
				3FDEBC1AF3324240A8F728BF /* PluginMarkerCluster.m */,
				E670A1B216C94AD6A415A4ED /* UIImageCache.m */,
				C9F520A4B0994767862C407F /* PluginCircle.h */,
				7D19876F19044D4BA796E854 /* PluginGeocoder.h */,
				9EA5D235B4D14BFD81C5F2FA /* Environment.h */,
				59452C0249C6473AA85EA623 /* CordovaGoogleMaps.h */,
				4BBA5D1C73924404B31BB2CD /* GoogleMapsViewController.h */,
				5875DB7335CD414BAB6BF59F /* PluginGroundOverlay.h */,
				43FA23954CB044D089D07D08 /* PluginKmlOverlay.h */,
				F2783AA91DF8454D9BE4B982 /* PluginMap.h */,
				7B9FAB4D2CA94724A228580D /* PluginMarker.h */,
				CCE0D40C45234E7A9554EF90 /* MyPlgunProtocol.h */,
				21BB8B1919AF4B52BDD5CCEB /* PluginUtil.h */,
				08D40E3AFA4640688E6E9B45 /* PluginPolygon.h */,
				4AEFEBF271104EFF8C37D60B /* PluginPolyline.h */,
				5037A5A4849C45D8908CC17B /* PluginTileProvider.h */,
				CBFD2A8F922748F281D8AB66 /* TBXML.h */,
				4F6EDB9922FF41D0899BDA39 /* PluginTileOverlay.h */,
				FBB3FE4A4B734B5FA332123B /* NSData+Base64.h */,
				E740440878E843F2AC960101 /* NSData+Base64.podspec */,
				6D7B9BD11D5E4C24AC4BF73D /* GMSCoordinateBounds+Geometry.h */,
				D1FBF347B570431099EAD979 /* MyPluginLayer.h */,
				4E7CE141C7F647519BE5EA22 /* MyPluginLayerDebugView.h */,
				1C9794304CD64B04B96F8DF4 /* MyPluginScrollView.h */,
				E95B2216C62F4477B27AC93D /* PluginMarkerCluster.h */,
				64CAD7DB0DC64B2C91697F47 /* UIImageCache.h */,
			);
			name = Plugins;
			path = "Wherr/Plugins";
			sourceTree = SOURCE_ROOT;
		};
		EB87FDF11871DA420020F90C /* Staging */ = {
			isa = PBXGroup;
			children = (
				F840E1F0165FE0F500CFE078 /* config.xml */,
				301BF56E109A69640062928A /* www */,
			);
			name = Staging;
			sourceTree = "<group>";
		};
/* End PBXGroup section */

/* Begin PBXNativeTarget section */
		1D6058900D05DD3D006BFB54 /* Wherr */ = {
			isa = PBXNativeTarget;
			buildConfigurationList = 1D6058960D05DD3E006BFB54 /* Build configuration list for PBXNativeTarget "Wherr" */;
			buildPhases = (
				304B58A110DAC018002A0835 /* Copy www directory */,
				1D60588D0D05DD3D006BFB54 /* Resources */,
				1D60588E0D05DD3D006BFB54 /* Sources */,
				1D60588F0D05DD3D006BFB54 /* Frameworks */,
			);
			buildRules = (
			);
			dependencies = (
				301BF551109A68C00062928A /* PBXTargetDependency */,
			);
			name = "Wherr";
			productName = "Wherr";
			productReference = 1D6058910D05DD3D006BFB54 /* Wherr.app */;
			productType = "com.apple.product-type.application";
		};
/* End PBXNativeTarget section */

/* Begin PBXProject section */
		29B97313FDCFA39411CA2CEA /* Project object */ = {
			isa = PBXProject;
			attributes = {
				LastUpgradeCheck = 510;
			};
			buildConfigurationList = C01FCF4E08A954540054247B /* Build configuration list for PBXProject "__NON-CLI__" */;
			compatibilityVersion = "Xcode 3.2";
			developmentRegion = English;
			hasScannedForEncodings = 1;
			mainGroup = 29B97314FDCFA39411CA2CEA /* CustomTemplate */;
			projectDirPath = "";
			projectReferences = (
				{
					ProductGroup = 301BF52E109A57CC0062928A /* Products */;
					ProjectRef = 301BF52D109A57CC0062928A /* CordovaLib.xcodeproj */;
				},
			);
			projectRoot = "";
			targets = (
				1D6058900D05DD3D006BFB54 /* Wherr */,
			);
		};
/* End PBXProject section */

/* Begin PBXReferenceProxy section */
		301BF535109A57CC0062928A /* libCordova.a */ = {
			isa = PBXReferenceProxy;
			fileType = archive.ar;
			path = libCordova.a;
			remoteRef = 301BF534109A57CC0062928A /* PBXContainerItemProxy */;
			sourceTree = BUILT_PRODUCTS_DIR;
		};
/* End PBXReferenceProxy section */

/* Begin PBXResourcesBuildPhase section */
		1D60588D0D05DD3D006BFB54 /* Resources */ = {
			isa = PBXResourcesBuildPhase;
			buildActionMask = 2147483647;
			files = (
				302D95F214D2391D003F00A1 /* MainViewController.xib in Resources */,
				0207DA581B56EA530066E2B4 /* Images.xcassets in Resources */,
				6AFF5BF91D6E424B00AB3073 /* CDVLaunchScreen.storyboard in Resources */,
				313C3FB45DCD4B6FBCED1EB1 /* GoogleMaps.bundle in Resources */,
			);
			runOnlyForDeploymentPostprocessing = 0;
		};
/* End PBXResourcesBuildPhase section */

/* Begin PBXShellScriptBuildPhase section */
		304B58A110DAC018002A0835 /* Copy www directory */ = {
			isa = PBXShellScriptBuildPhase;
			buildActionMask = 2147483647;
			files = (
			);
			inputPaths = (
			);
			name = "Copy www directory";
			outputPaths = (
			);
			runOnlyForDeploymentPostprocessing = 0;
			shellPath = /bin/sh;
			shellScript = "NODEJS_PATH=/usr/local/bin; NVM_NODE_PATH=~/.nvm/versions/node/`nvm version 2>/dev/null`/bin; N_NODE_PATH=`find /usr/local/n/versions/node/* -maxdepth 0 -type d 2>/dev/null | tail -1`/bin; XCODE_NODE_PATH=`xcode-select --print-path`/usr/share/xcs/Node/bin; PATH=$NODEJS_PATH:$NVM_NODE_PATH:$N_NODE_PATH:$XCODE_NODE_PATH:$PATH && node cordova/lib/copy-www-build-step.js";
			showEnvVarsInLog = 0;
		};
/* End PBXShellScriptBuildPhase section */

/* Begin PBXSourcesBuildPhase section */
		1D60588E0D05DD3D006BFB54 /* Sources */ = {
			isa = PBXSourcesBuildPhase;
			buildActionMask = 2147483647;
			files = (
				1D60589B0D05DD56006BFB54 /* main.m in Sources */,
				1D3623260D0F684500981E51 /* AppDelegate.m in Sources */,
				302D95F114D2391D003F00A1 /* MainViewController.m in Sources */,
				E14F2BBE1AB5465DBA3DBFC6 /* PluginCircle.m in Sources */,
				C50DEA812D2C42CCA5FB3D26 /* PluginGeocoder.m in Sources */,
				E40651A083AB4C5393E313E9 /* Environment.m in Sources */,
				66071D050ADA4C6E99758C87 /* CordovaGoogleMaps.m in Sources */,
				C4996A9731B34628B94F1521 /* GoogleMapsViewController.m in Sources */,
				F2B68244911D4DF98F30CA94 /* PluginGroundOverlay.m in Sources */,
				37E5A23234A143708286A8CD /* PluginKmlOverlay.m in Sources */,
				7A824B89F0224BE8A0F5E71C /* PluginMap.m in Sources */,
				57BCE5F73FC540719A798F25 /* PluginMarker.m in Sources */,
				03FCBFD4EF95483193A654D3 /* PluginUtil.m in Sources */,
				AE19C933DABC4E31A806D88B /* PluginPolygon.m in Sources */,
				15DE9FC48EB54C149871BEDE /* PluginPolyline.m in Sources */,
				F6D8B4770437495D932DBAC0 /* PluginTileProvider.m in Sources */,
				23B4CF7AD14C4AD68E312408 /* TBXML.m in Sources */,
				159E74FEE4A84528BDE479CA /* PluginTileOverlay.m in Sources */,
				09FA90BEEE0741D0AA5DA572 /* NSData+Base64.m in Sources */,
				20A9FE463A4546ADB238463C /* GMSCoordinateBounds+Geometry.m in Sources */,
				3F6D60F52C5946F19F0CFFFA /* MyPluginLayer.m in Sources */,
				F75B7FD3D12147C5A53287B7 /* MyPluginLayerDebugView.m in Sources */,
				1744685FB7924982B0CBAE6A /* MyPluginScrollView.m in Sources */,
				95A7A49BEEF847E9A66494AD /* PluginMarkerCluster.m in Sources */,
				68661A3034F044C4B4D111CB /* UIImageCache.m in Sources */,
			);
			runOnlyForDeploymentPostprocessing = 0;
		};
/* End PBXSourcesBuildPhase section */

/* Begin PBXTargetDependency section */
		301BF551109A68C00062928A /* PBXTargetDependency */ = {
			isa = PBXTargetDependency;
			name = CordovaLib;
			targetProxy = 301BF550109A68C00062928A /* PBXContainerItemProxy */;
		};
/* End PBXTargetDependency section */

/* Begin XCBuildConfiguration section */
		1D6058940D05DD3E006BFB54 /* Debug */ = {
			isa = XCBuildConfiguration;
			baseConfigurationReference = 3047A50F1AB8059700498E2A /* build-debug.xcconfig */;
			buildSettings = {
				ALWAYS_SEARCH_USER_PATHS = NO;
				ASSETCATALOG_COMPILER_APPICON_NAME = AppIcon;
				ASSETCATALOG_COMPILER_LAUNCHIMAGE_NAME = LaunchImage;
				CLANG_ENABLE_MODULES = YES;
				CLANG_ENABLE_OBJC_ARC = YES;
				COPY_PHASE_STRIP = NO;
				GCC_DYNAMIC_NO_PIC = NO;
				GCC_OPTIMIZATION_LEVEL = 0;
				GCC_PRECOMPILE_PREFIX_HEADER = YES;
				GCC_PREFIX_HEADER = "Wherr/Wherr-Prefix.pch";
				GCC_THUMB_SUPPORT = NO;
				GCC_VERSION = "";
				INFOPLIST_FILE = "Wherr/Wherr-Info.plist";
				IPHONEOS_DEPLOYMENT_TARGET = 9.0;
				LD_RUNPATH_SEARCH_PATHS = "@executable_path/Frameworks";
				TARGETED_DEVICE_FAMILY = "1,2";
				PRODUCT_NAME = "Wherr";
				FRAMEWORK_SEARCH_PATHS = (
					"$(inherited)",
					"\"Wherr/Plugins/com.googlemaps.ios\"",
					"\"Wherr/Plugins/com.googlemaps.ios\"",
					"\"Wherr/Plugins/com.googlemaps.ios\"",
				);
			};
			name = Debug;
		};
		1D6058950D05DD3E006BFB54 /* Release */ = {
			isa = XCBuildConfiguration;
			baseConfigurationReference = 3047A5101AB8059700498E2A /* build-release.xcconfig */;
			buildSettings = {
				ALWAYS_SEARCH_USER_PATHS = NO;
				ASSETCATALOG_COMPILER_APPICON_NAME = AppIcon;
				ASSETCATALOG_COMPILER_LAUNCHIMAGE_NAME = LaunchImage;
				CLANG_ENABLE_MODULES = YES;
				CLANG_ENABLE_OBJC_ARC = YES;
				COPY_PHASE_STRIP = YES;
				GCC_PRECOMPILE_PREFIX_HEADER = YES;
				GCC_PREFIX_HEADER = "Wherr/Wherr-Prefix.pch";
				GCC_THUMB_SUPPORT = NO;
				GCC_VERSION = "";
				INFOPLIST_FILE = "Wherr/Wherr-Info.plist";
				IPHONEOS_DEPLOYMENT_TARGET = 9.0;
				LD_RUNPATH_SEARCH_PATHS = "@executable_path/Frameworks";
				TARGETED_DEVICE_FAMILY = "1,2";
				PRODUCT_NAME = "Wherr";
				FRAMEWORK_SEARCH_PATHS = (
					"$(inherited)",
					"\"Wherr/Plugins/com.googlemaps.ios\"",
					"\"Wherr/Plugins/com.googlemaps.ios\"",
					"\"Wherr/Plugins/com.googlemaps.ios\"",
				);
			};
			name = Release;
		};
		C01FCF4F08A954540054247B /* Debug */ = {
			isa = XCBuildConfiguration;
			baseConfigurationReference = 3047A5111AB8059700498E2A /* build.xcconfig */;
			buildSettings = {
				CLANG_ENABLE_MODULES = YES;
				CLANG_ENABLE_OBJC_ARC = YES;
				CLANG_WARN_BOOL_CONVERSION = YES;
				CLANG_WARN_CONSTANT_CONVERSION = YES;
				CLANG_WARN_EMPTY_BODY = YES;
				CLANG_WARN_ENUM_CONVERSION = YES;
				CLANG_WARN_INT_CONVERSION = YES;
				CLANG_WARN__DUPLICATE_METHOD_MATCH = YES;
				GCC_C_LANGUAGE_STANDARD = c99;
				GCC_THUMB_SUPPORT = NO;
				GCC_VERSION = "";
				GCC_WARN_ABOUT_RETURN_TYPE = YES;
				GCC_WARN_UNDECLARED_SELECTOR = YES;
				GCC_WARN_UNINITIALIZED_AUTOS = YES;
				GCC_WARN_UNUSED_FUNCTION = YES;
				GCC_WARN_UNUSED_VARIABLE = YES;
				ONLY_ACTIVE_ARCH = YES;
				SDKROOT = iphoneos;
				SKIP_INSTALL = NO;
			};
			name = Debug;
		};
		C01FCF5008A954540054247B /* Release */ = {
			isa = XCBuildConfiguration;
			baseConfigurationReference = 3047A5111AB8059700498E2A /* build.xcconfig */;
			buildSettings = {
				CLANG_ENABLE_MODULES = YES;
				CLANG_ENABLE_OBJC_ARC = YES;
				CLANG_WARN_BOOL_CONVERSION = YES;
				CLANG_WARN_CONSTANT_CONVERSION = YES;
				CLANG_WARN_EMPTY_BODY = YES;
				CLANG_WARN_ENUM_CONVERSION = YES;
				CLANG_WARN_INT_CONVERSION = YES;
				CLANG_WARN__DUPLICATE_METHOD_MATCH = YES;
				GCC_C_LANGUAGE_STANDARD = c99;
				GCC_THUMB_SUPPORT = NO;
				GCC_VERSION = "";
				GCC_WARN_ABOUT_RETURN_TYPE = YES;
				GCC_WARN_UNDECLARED_SELECTOR = YES;
				GCC_WARN_UNINITIALIZED_AUTOS = YES;
				GCC_WARN_UNUSED_FUNCTION = YES;
				GCC_WARN_UNUSED_VARIABLE = YES;
				SDKROOT = iphoneos;
				SKIP_INSTALL = NO;
			};
			name = Release;
		};
/* End XCBuildConfiguration section */

/* Begin XCConfigurationList section */
		1D6058960D05DD3E006BFB54 /* Build configuration list for PBXNativeTarget "Wherr" */ = {
			isa = XCConfigurationList;
			buildConfigurations = (
				1D6058940D05DD3E006BFB54 /* Debug */,
				1D6058950D05DD3E006BFB54 /* Release */,
			);
			defaultConfigurationIsVisible = 0;
			defaultConfigurationName = Release;
		};
		C01FCF4E08A954540054247B /* Build configuration list for PBXProject "__NON-CLI__" */ = {
			isa = XCConfigurationList;
			buildConfigurations = (
				C01FCF4F08A954540054247B /* Debug */,
				C01FCF5008A954540054247B /* Release */,
			);
			defaultConfigurationIsVisible = 0;
			defaultConfigurationName = Release;
		};
/* End XCConfigurationList section */
	};
	rootObject = 29B97313FDCFA39411CA2CEA /* Project object */;
}
