// !$*UTF8*$!
{
	archiveVersion = 1;
	classes = {
	};
	objectVersion = 46;
	objects = {
/* Begin PBXBuildFile section */
		0207DA581B56EA530066E2B4 /* Images.xcassets in Resources */ = {isa = PBXBuildFile; fileRef = 0207DA571B56EA530066E2B4 /* Images.xcassets */; };
		1D3623260D0F684500981E51 /* AppDelegate.m in Sources */ = {isa = PBXBuildFile; fileRef = 1D3623250D0F684500981E51 /* AppDelegate.m */; };
		1D60589B0D05DD56006BFB54 /* main.m in Sources */ = {isa = PBXBuildFile; fileRef = 29B97316FDCFA39411CA2CEA /* main.m */; };
		301BF552109A68D80062928A /* libCordova.a in Frameworks */ = {isa = PBXBuildFile; fileRef = 301BF535109A57CC0062928A /* libCordova.a */; };
		302D95F114D2391D003F00A1 /* MainViewController.m in Sources */ = {isa = PBXBuildFile; fileRef = 302D95EF14D2391D003F00A1 /* MainViewController.m */; };
		302D95F214D2391D003F00A1 /* MainViewController.xib in Resources */ = {isa = PBXBuildFile; fileRef = 302D95F014D2391D003F00A1 /* MainViewController.xib */; };
		3047A5121AB8059700498E2A /* build-debug.xcconfig in Resources */ = {isa = PBXBuildFile; fileRef = 3047A50F1AB8059700498E2A /* build-debug.xcconfig */; };
		3047A5131AB8059700498E2A /* build-release.xcconfig in Resources */ = {isa = PBXBuildFile; fileRef = 3047A5101AB8059700498E2A /* build-release.xcconfig */; };
		3047A5141AB8059700498E2A /* build.xcconfig in Resources */ = {isa = PBXBuildFile; fileRef = 3047A5111AB8059700498E2A /* build.xcconfig */; };
		6AFF5BF91D6E424B00AB3073 /* CDVLaunchScreen.storyboard in Resources */ = {isa = PBXBuildFile; fileRef = 6AFF5BF81D6E424B00AB3073 /* CDVLaunchScreen.storyboard */; };
		81BE23BFF28147E1AAAF6660 /* GoogleMaps.bundle in Resources */ = {isa = PBXBuildFile; fileRef = 90A9125500224D0E9C347A1B /* GoogleMaps.bundle */; };
		5738BC71EEEA490ABCC123B6 /* Accelerate.framework in Frameworks */ = {isa = PBXBuildFile; fileRef = 2CD0F58DB99148E0B8B9C74A /* Accelerate.framework */; };
		6B3B13526FCE46CCA445FA51 /* CoreData.framework in Frameworks */ = {isa = PBXBuildFile; fileRef = 09DCA7E7C249498CB78EEB6A /* CoreData.framework */; };
		3521AD7F77B84E39A753B950 /* CoreLocation.framework in Frameworks */ = {isa = PBXBuildFile; fileRef = EF2D03BE6300471FBB4EA1EA /* CoreLocation.framework */; };
		C0D1B5E53AC34089929B09DF /* CoreTelephony.framework in Frameworks */ = {isa = PBXBuildFile; fileRef = 32940922468A4C8DB21A9946 /* CoreTelephony.framework */; };
		31B1BD2DA8EC4E2AA1D52AEF /* CoreText.framework in Frameworks */ = {isa = PBXBuildFile; fileRef = 5189F0AF9B1A46339575558E /* CoreText.framework */; };
		8D9336FCA8A04AC2BA5921C8 /* GLKit.framework in Frameworks */ = {isa = PBXBuildFile; fileRef = F53C786C631A4B478649F6B2 /* GLKit.framework */; };
		D6525CAAD6834BC29276072F /* ImageIO.framework in Frameworks */ = {isa = PBXBuildFile; fileRef = FE683C5F697C400BBBB362D4 /* ImageIO.framework */; };
		41DC055950DA4782A8DFD87B /* libc++.tbd in Frameworks */ = {isa = PBXBuildFile; fileRef = 8214E78FFF7C4490975C1A91 /* libc++.tbd */; };
		CF7BAE0A8C184F0CB32CC711 /* libz.tbd in Frameworks */ = {isa = PBXBuildFile; fileRef = 061F870EF2D647169B44486A /* libz.tbd */; };
		444DDCDB674344A2AE23FF7B /* OpenGLES.framework in Frameworks */ = {isa = PBXBuildFile; fileRef = 0E5CB8849F704F3B8D228FEA /* OpenGLES.framework */; };
		46D20892B79A460DB5ADA7CC /* QuartzCore.framework in Frameworks */ = {isa = PBXBuildFile; fileRef = 30D9120FD1B045338DF46CBF /* QuartzCore.framework */; };
		146A9CBA3717415C8DF80996 /* SystemConfiguration.framework in Frameworks */ = {isa = PBXBuildFile; fileRef = AC214286ADE24EF5A8AEDD53 /* SystemConfiguration.framework */; };
		DC7B4440BD6A4AB8B9A6C3D0 /* UIKit.framework in Frameworks */ = {isa = PBXBuildFile; fileRef = 485FDC125AB84FD7BE25D0A0 /* UIKit.framework */; };
		C080AA220C134D99876F22BE /* GoogleMapsBase.framework in Frameworks */ = {isa = PBXBuildFile; fileRef = 336EDC621976430494731C4E /* GoogleMapsBase.framework */; };
		98739DBE38194585A03A1F8B /* GoogleMaps.framework in Frameworks */ = {isa = PBXBuildFile; fileRef = 40DB586C9BC44E5CB94B7607 /* GoogleMaps.framework */; };
		E6BFED2E81BA43339E59D867 /* GoogleMapsCore.framework in Frameworks */ = {isa = PBXBuildFile; fileRef = DDB8B65A2E33483A9D4E52B6 /* GoogleMapsCore.framework */; };
		C145B54B16D54DF1AA88E8B3 /* PluginCircle.m in Sources */ = {isa = PBXBuildFile; fileRef = DE12137F59DD443E891FC10F /* PluginCircle.m */; };
		05E27E23A2DA48DD97BACC79 /* External.m in Sources */ = {isa = PBXBuildFile; fileRef = 43D2AA55502141E8A75E85B8 /* External.m */; };
		0DD6FBDB5C8C442395D41E16 /* PluginGeocoder.m in Sources */ = {isa = PBXBuildFile; fileRef = FE1D39C37B8049418050D11D /* PluginGeocoder.m */; };
		27DFA5DA214F48C58DD040DF /* Environment.m in Sources */ = {isa = PBXBuildFile; fileRef = 03A5260C532348EFBFFB16F3 /* Environment.m */; };
		4D2C8A0DA10240A58F87806C /* CordovaGoogleMaps.m in Sources */ = {isa = PBXBuildFile; fileRef = C698BBD63D4444C8876D0167 /* CordovaGoogleMaps.m */; };
		B1A340C774C94E919B17625E /* GoogleMapsViewController.m in Sources */ = {isa = PBXBuildFile; fileRef = 305CCC606E504F6EBD8D01AE /* GoogleMapsViewController.m */; };
		2658040C62704FBB9A0BC986 /* PluginGroundOverlay.m in Sources */ = {isa = PBXBuildFile; fileRef = B303A48E660D4CCC8255DDB3 /* PluginGroundOverlay.m */; };
		AC92266434D0491982072292 /* PluginKmlOverlay.m in Sources */ = {isa = PBXBuildFile; fileRef = D9B967809F024EB7803F92FF /* PluginKmlOverlay.m */; };
		9EF995F471C74019B70EB8BF /* PluginMap.m in Sources */ = {isa = PBXBuildFile; fileRef = 71617B0D22AA43A487A4414F /* PluginMap.m */; };
		00245B901835435EA511E382 /* PluginMarker.m in Sources */ = {isa = PBXBuildFile; fileRef = A805B4DB31234D7995E86C28 /* PluginMarker.m */; };
		EFEB6AA02262490AA55ECC09 /* PluginUtil.m in Sources */ = {isa = PBXBuildFile; fileRef = 15F8DBDF9CC041E4902A4E23 /* PluginUtil.m */; };
		C61EFD00AF4748AC8A271F91 /* PluginPolygon.m in Sources */ = {isa = PBXBuildFile; fileRef = 4862F5627275445AB9E1AA03 /* PluginPolygon.m */; };
		A56703AB5BB94AB18B27DC87 /* PluginPolyline.m in Sources */ = {isa = PBXBuildFile; fileRef = 92E332E6E1B349B29F42A15D /* PluginPolyline.m */; };
		C92E2E6B289749B9A3053F2B /* PluginTileProvider.m in Sources */ = {isa = PBXBuildFile; fileRef = 056FF891996745B59F851A99 /* PluginTileProvider.m */; };
		BBFDB586F3804899B5984B81 /* TBXML.m in Sources */ = {isa = PBXBuildFile; fileRef = D8F673F6DD93450187D9DED2 /* TBXML.m */; };
		FF4D2B4AE09C44BAB9A29ACB /* PluginTileOverlay.m in Sources */ = {isa = PBXBuildFile; fileRef = 3AAB4146AF1D41189A288142 /* PluginTileOverlay.m */; };
		DE570118031E447393FBF047 /* NSData+Base64.m in Sources */ = {isa = PBXBuildFile; fileRef = CE6C8BEC94AB4B8AA0B35A6B /* NSData+Base64.m */; };
		8948CF2E43B3472687551EB9 /* GMSCoordinateBounds+Geometry.m in Sources */ = {isa = PBXBuildFile; fileRef = 496D5CA02BA34CF5ACAC20CA /* GMSCoordinateBounds+Geometry.m */; };
		D90419908EF04551A5BE70AB /* MyPluginLayer.m in Sources */ = {isa = PBXBuildFile; fileRef = 0224EF8774944E4385915F22 /* MyPluginLayer.m */; };
		9D1D457AB9C946AFBCBFFAE6 /* MyPluginLayerDebugView.m in Sources */ = {isa = PBXBuildFile; fileRef = B42D1D948A054D2F98E14397 /* MyPluginLayerDebugView.m */; };
		56C1604FADCB4B7E8723EBDD /* MyPluginScrollView.m in Sources */ = {isa = PBXBuildFile; fileRef = F5C121EC10764D5492894ABE /* MyPluginScrollView.m */; };
		C454570DD91D45D1B3C3206C /* PluginMarkerCluster.m in Sources */ = {isa = PBXBuildFile; fileRef = 1AC2ABE3CF6546409D409559 /* PluginMarkerCluster.m */; };
		45D9381F3A34447895306AB4 /* UIImageCache.m in Sources */ = {isa = PBXBuildFile; fileRef = FC86656BEEDC4E8586833F9D /* UIImageCache.m */; };
/* End PBXBuildFile section */

/* Begin PBXContainerItemProxy section */
		301BF534109A57CC0062928A /* PBXContainerItemProxy */ = {
			isa = PBXContainerItemProxy;
			containerPortal = 301BF52D109A57CC0062928A /* CordovaLib.xcodeproj */;
			proxyType = 2;
			remoteGlobalIDString = D2AAC07E0554694100DB518D;
			remoteInfo = CordovaLib;
		};
		301BF550109A68C00062928A /* PBXContainerItemProxy */ = {
			isa = PBXContainerItemProxy;
			containerPortal = 301BF52D109A57CC0062928A /* CordovaLib.xcodeproj */;
			proxyType = 1;
			remoteGlobalIDString = D2AAC07D0554694100DB518D;
			remoteInfo = CordovaLib;
		};
/* End PBXContainerItemProxy section */

/* Begin PBXFileReference section */
		0207DA571B56EA530066E2B4 /* Images.xcassets */ = {isa = PBXFileReference; lastKnownFileType = folder.assetcatalog; name = Images.xcassets; path = "Wherr/Images.xcassets"; sourceTree = SOURCE_ROOT; };
		1D3623240D0F684500981E51 /* AppDelegate.h */ = {isa = PBXFileReference; fileEncoding = 4; lastKnownFileType = sourcecode.c.h; path = AppDelegate.h; sourceTree = "<group>"; };
		1D3623250D0F684500981E51 /* AppDelegate.m */ = {isa = PBXFileReference; fileEncoding = 4; lastKnownFileType = sourcecode.c.objc; path = AppDelegate.m; sourceTree = "<group>"; };
		1D6058910D05DD3D006BFB54 /* Wherr.app */ = {isa = PBXFileReference; explicitFileType = wrapper.application; includeInIndex = 0; path = "Wherr.app"; sourceTree = BUILT_PRODUCTS_DIR; };
		29B97316FDCFA39411CA2CEA /* main.m */ = {isa = PBXFileReference; fileEncoding = 4; lastKnownFileType = sourcecode.c.objc; path = main.m; sourceTree = "<group>"; };
		301BF52D109A57CC0062928A /* CordovaLib.xcodeproj */ = {isa = PBXFileReference; lastKnownFileType = "wrapper.pb-project"; path = CordovaLib/CordovaLib.xcodeproj; sourceTree = "<group>"; };
		301BF56E109A69640062928A /* www */ = {isa = PBXFileReference; lastKnownFileType = folder; path = www; sourceTree = SOURCE_ROOT; };
		302D95EE14D2391D003F00A1 /* MainViewController.h */ = {isa = PBXFileReference; fileEncoding = 4; lastKnownFileType = sourcecode.c.h; path = MainViewController.h; sourceTree = "<group>"; };
		302D95EF14D2391D003F00A1 /* MainViewController.m */ = {isa = PBXFileReference; fileEncoding = 4; lastKnownFileType = sourcecode.c.objc; path = MainViewController.m; sourceTree = "<group>"; };
		302D95F014D2391D003F00A1 /* MainViewController.xib */ = {isa = PBXFileReference; fileEncoding = 4; lastKnownFileType = file.xib; path = MainViewController.xib; sourceTree = "<group>"; };
		3047A50F1AB8059700498E2A /* build-debug.xcconfig */ = {isa = PBXFileReference; fileEncoding = 4; lastKnownFileType = text.xcconfig; name = "build-debug.xcconfig"; path = cordova/build-debug.xcconfig; sourceTree = SOURCE_ROOT; };
		3047A5101AB8059700498E2A /* build-release.xcconfig */ = {isa = PBXFileReference; fileEncoding = 4; lastKnownFileType = text.xcconfig; name = "build-release.xcconfig"; path = cordova/build-release.xcconfig; sourceTree = SOURCE_ROOT; };
		3047A5111AB8059700498E2A /* build.xcconfig */ = {isa = PBXFileReference; fileEncoding = 4; lastKnownFileType = text.xcconfig; name = build.xcconfig; path = cordova/build.xcconfig; sourceTree = SOURCE_ROOT; };
		32CA4F630368D1EE00C91783 /* Wherr-Prefix.pch */ = {isa = PBXFileReference; fileEncoding = 4; lastKnownFileType = sourcecode.c.h; path = "Wherr-Prefix.pch"; sourceTree = "<group>"; };
		6AFF5BF81D6E424B00AB3073 /* CDVLaunchScreen.storyboard */ = {isa = PBXFileReference; fileEncoding = 4; lastKnownFileType = file.storyboard; name = CDVLaunchScreen.storyboard; path = "Wherr/CDVLaunchScreen.storyboard"; sourceTree = SOURCE_ROOT; };
		8D1107310486CEB800E47090 /* Wherr-Info.plist */ = {isa = PBXFileReference; fileEncoding = 4; lastKnownFileType = text.plist.xml; name = "Wherr-Info.plist"; path = "Wherr/Wherr-Info.plist"; plistStructureDefinitionIdentifier = "com.apple.xcode.plist.structure-definition.iphone.info-plist"; sourceTree = SOURCE_ROOT; };
		EB87FDF31871DA8E0020F90C /* www */ = {isa = PBXFileReference; lastKnownFileType = folder; name = www; path = ../../www; sourceTree = "<group>"; };
		EB87FDF41871DAF40020F90C /* config.xml */ = {isa = PBXFileReference; lastKnownFileType = text.xml; name = config.xml; path = ../../config.xml; sourceTree = "<group>"; };
		F840E1F0165FE0F500CFE078 /* config.xml */ = {isa = PBXFileReference; lastKnownFileType = text.xml; name = config.xml; path = "Wherr/config.xml"; sourceTree = "<group>"; };
		ED33DF2A687741AEAF9F8254 /* Bridging-Header.h */ = {isa = PBXFileReference; fileEncoding = 4; lastKnownFileType = sourcecode.c.h; name = "Bridging-Header.h"; path = "Bridging-Header.h"; sourceTree = "<group>"; };
		90A9125500224D0E9C347A1B /* GoogleMaps.bundle */ = {isa = PBXFileReference; name = "GoogleMaps.bundle"; path = "GoogleMaps.bundle"; sourceTree = "<group>"; fileEncoding = undefined; lastKnownFileType = wrapper.plug-in; explicitFileType = undefined; includeInIndex = 0; };
		2CD0F58DB99148E0B8B9C74A /* Accelerate.framework */ = {isa = PBXFileReference; name = "Accelerate.framework"; path = "System/Library/Frameworks/Accelerate.framework"; sourceTree = SDKROOT; fileEncoding = undefined; lastKnownFileType = wrapper.framework; explicitFileType = undefined; includeInIndex = 0; };
		09DCA7E7C249498CB78EEB6A /* CoreData.framework */ = {isa = PBXFileReference; name = "CoreData.framework"; path = "System/Library/Frameworks/CoreData.framework"; sourceTree = SDKROOT; fileEncoding = undefined; lastKnownFileType = wrapper.framework; explicitFileType = undefined; includeInIndex = 0; };
		EF2D03BE6300471FBB4EA1EA /* CoreLocation.framework */ = {isa = PBXFileReference; name = "CoreLocation.framework"; path = "System/Library/Frameworks/CoreLocation.framework"; sourceTree = SDKROOT; fileEncoding = undefined; lastKnownFileType = wrapper.framework; explicitFileType = undefined; includeInIndex = 0; };
		32940922468A4C8DB21A9946 /* CoreTelephony.framework */ = {isa = PBXFileReference; name = "CoreTelephony.framework"; path = "System/Library/Frameworks/CoreTelephony.framework"; sourceTree = SDKROOT; fileEncoding = undefined; lastKnownFileType = wrapper.framework; explicitFileType = undefined; includeInIndex = 0; };
		5189F0AF9B1A46339575558E /* CoreText.framework */ = {isa = PBXFileReference; name = "CoreText.framework"; path = "System/Library/Frameworks/CoreText.framework"; sourceTree = SDKROOT; fileEncoding = undefined; lastKnownFileType = wrapper.framework; explicitFileType = undefined; includeInIndex = 0; };
		F53C786C631A4B478649F6B2 /* GLKit.framework */ = {isa = PBXFileReference; name = "GLKit.framework"; path = "System/Library/Frameworks/GLKit.framework"; sourceTree = SDKROOT; fileEncoding = undefined; lastKnownFileType = wrapper.framework; explicitFileType = undefined; includeInIndex = 0; };
		FE683C5F697C400BBBB362D4 /* ImageIO.framework */ = {isa = PBXFileReference; name = "ImageIO.framework"; path = "System/Library/Frameworks/ImageIO.framework"; sourceTree = SDKROOT; fileEncoding = undefined; lastKnownFileType = wrapper.framework; explicitFileType = undefined; includeInIndex = 0; };
		8214E78FFF7C4490975C1A91 /* libc++.tbd */ = {isa = PBXFileReference; name = "libc++.tbd"; path = "usr/lib/libc++.tbd"; sourceTree = SDKROOT; fileEncoding = undefined; lastKnownFileType = sourcecode.text-based-dylib-definition; explicitFileType = undefined; includeInIndex = 0; };
		061F870EF2D647169B44486A /* libz.tbd */ = {isa = PBXFileReference; name = "libz.tbd"; path = "usr/lib/libz.tbd"; sourceTree = SDKROOT; fileEncoding = undefined; lastKnownFileType = sourcecode.text-based-dylib-definition; explicitFileType = undefined; includeInIndex = 0; };
		0E5CB8849F704F3B8D228FEA /* OpenGLES.framework */ = {isa = PBXFileReference; name = "OpenGLES.framework"; path = "System/Library/Frameworks/OpenGLES.framework"; sourceTree = SDKROOT; fileEncoding = undefined; lastKnownFileType = wrapper.framework; explicitFileType = undefined; includeInIndex = 0; };
		30D9120FD1B045338DF46CBF /* QuartzCore.framework */ = {isa = PBXFileReference; name = "QuartzCore.framework"; path = "System/Library/Frameworks/QuartzCore.framework"; sourceTree = SDKROOT; fileEncoding = undefined; lastKnownFileType = wrapper.framework; explicitFileType = undefined; includeInIndex = 0; };
		AC214286ADE24EF5A8AEDD53 /* SystemConfiguration.framework */ = {isa = PBXFileReference; name = "SystemConfiguration.framework"; path = "System/Library/Frameworks/SystemConfiguration.framework"; sourceTree = SDKROOT; fileEncoding = undefined; lastKnownFileType = wrapper.framework; explicitFileType = undefined; includeInIndex = 0; };
		485FDC125AB84FD7BE25D0A0 /* UIKit.framework */ = {isa = PBXFileReference; name = "UIKit.framework"; path = "System/Library/Frameworks/UIKit.framework"; sourceTree = SDKROOT; fileEncoding = undefined; lastKnownFileType = wrapper.framework; explicitFileType = undefined; includeInIndex = 0; };
		336EDC621976430494731C4E /* GoogleMapsBase.framework */ = {isa = PBXFileReference; name = "GoogleMapsBase.framework"; path = "Wherr/Plugins/com.googlemaps.ios/GoogleMapsBase.framework"; sourceTree = "<group>"; fileEncoding = undefined; lastKnownFileType = wrapper.framework; explicitFileType = undefined; includeInIndex = 0; };
		40DB586C9BC44E5CB94B7607 /* GoogleMaps.framework */ = {isa = PBXFileReference; name = "GoogleMaps.framework"; path = "Wherr/Plugins/com.googlemaps.ios/GoogleMaps.framework"; sourceTree = "<group>"; fileEncoding = undefined; lastKnownFileType = wrapper.framework; explicitFileType = undefined; includeInIndex = 0; };
		DDB8B65A2E33483A9D4E52B6 /* GoogleMapsCore.framework */ = {isa = PBXFileReference; name = "GoogleMapsCore.framework"; path = "Wherr/Plugins/com.googlemaps.ios/GoogleMapsCore.framework"; sourceTree = "<group>"; fileEncoding = undefined; lastKnownFileType = wrapper.framework; explicitFileType = undefined; includeInIndex = 0; };
		DE12137F59DD443E891FC10F /* PluginCircle.m */ = {isa = PBXFileReference; name = "PluginCircle.m"; path = "cordova-plugin-googlemaps/PluginCircle.m"; sourceTree = "<group>"; fileEncoding = 4; lastKnownFileType = sourcecode.c.objc; explicitFileType = undefined; includeInIndex = 0; };
		43D2AA55502141E8A75E85B8 /* External.m */ = {isa = PBXFileReference; name = "External.m"; path = "cordova-plugin-googlemaps/External.m"; sourceTree = "<group>"; fileEncoding = 4; lastKnownFileType = sourcecode.c.objc; explicitFileType = undefined; includeInIndex = 0; };
		FE1D39C37B8049418050D11D /* PluginGeocoder.m */ = {isa = PBXFileReference; name = "PluginGeocoder.m"; path = "cordova-plugin-googlemaps/PluginGeocoder.m"; sourceTree = "<group>"; fileEncoding = 4; lastKnownFileType = sourcecode.c.objc; explicitFileType = undefined; includeInIndex = 0; };
		03A5260C532348EFBFFB16F3 /* Environment.m */ = {isa = PBXFileReference; name = "Environment.m"; path = "cordova-plugin-googlemaps/Environment.m"; sourceTree = "<group>"; fileEncoding = 4; lastKnownFileType = sourcecode.c.objc; explicitFileType = undefined; includeInIndex = 0; };
		C698BBD63D4444C8876D0167 /* CordovaGoogleMaps.m */ = {isa = PBXFileReference; name = "CordovaGoogleMaps.m"; path = "cordova-plugin-googlemaps/CordovaGoogleMaps.m"; sourceTree = "<group>"; fileEncoding = 4; lastKnownFileType = sourcecode.c.objc; explicitFileType = undefined; includeInIndex = 0; };
		305CCC606E504F6EBD8D01AE /* GoogleMapsViewController.m */ = {isa = PBXFileReference; name = "GoogleMapsViewController.m"; path = "cordova-plugin-googlemaps/GoogleMapsViewController.m"; sourceTree = "<group>"; fileEncoding = 4; lastKnownFileType = sourcecode.c.objc; explicitFileType = undefined; includeInIndex = 0; };
		B303A48E660D4CCC8255DDB3 /* PluginGroundOverlay.m */ = {isa = PBXFileReference; name = "PluginGroundOverlay.m"; path = "cordova-plugin-googlemaps/PluginGroundOverlay.m"; sourceTree = "<group>"; fileEncoding = 4; lastKnownFileType = sourcecode.c.objc; explicitFileType = undefined; includeInIndex = 0; };
		D9B967809F024EB7803F92FF /* PluginKmlOverlay.m */ = {isa = PBXFileReference; name = "PluginKmlOverlay.m"; path = "cordova-plugin-googlemaps/PluginKmlOverlay.m"; sourceTree = "<group>"; fileEncoding = 4; lastKnownFileType = sourcecode.c.objc; explicitFileType = undefined; includeInIndex = 0; };
		71617B0D22AA43A487A4414F /* PluginMap.m */ = {isa = PBXFileReference; name = "PluginMap.m"; path = "cordova-plugin-googlemaps/PluginMap.m"; sourceTree = "<group>"; fileEncoding = 4; lastKnownFileType = sourcecode.c.objc; explicitFileType = undefined; includeInIndex = 0; };
		A805B4DB31234D7995E86C28 /* PluginMarker.m */ = {isa = PBXFileReference; name = "PluginMarker.m"; path = "cordova-plugin-googlemaps/PluginMarker.m"; sourceTree = "<group>"; fileEncoding = 4; lastKnownFileType = sourcecode.c.objc; explicitFileType = undefined; includeInIndex = 0; };
		15F8DBDF9CC041E4902A4E23 /* PluginUtil.m */ = {isa = PBXFileReference; name = "PluginUtil.m"; path = "cordova-plugin-googlemaps/PluginUtil.m"; sourceTree = "<group>"; fileEncoding = 4; lastKnownFileType = sourcecode.c.objc; explicitFileType = undefined; includeInIndex = 0; };
		4862F5627275445AB9E1AA03 /* PluginPolygon.m */ = {isa = PBXFileReference; name = "PluginPolygon.m"; path = "cordova-plugin-googlemaps/PluginPolygon.m"; sourceTree = "<group>"; fileEncoding = 4; lastKnownFileType = sourcecode.c.objc; explicitFileType = undefined; includeInIndex = 0; };
		92E332E6E1B349B29F42A15D /* PluginPolyline.m */ = {isa = PBXFileReference; name = "PluginPolyline.m"; path = "cordova-plugin-googlemaps/PluginPolyline.m"; sourceTree = "<group>"; fileEncoding = 4; lastKnownFileType = sourcecode.c.objc; explicitFileType = undefined; includeInIndex = 0; };
		056FF891996745B59F851A99 /* PluginTileProvider.m */ = {isa = PBXFileReference; name = "PluginTileProvider.m"; path = "cordova-plugin-googlemaps/PluginTileProvider.m"; sourceTree = "<group>"; fileEncoding = 4; lastKnownFileType = sourcecode.c.objc; explicitFileType = undefined; includeInIndex = 0; };
		D8F673F6DD93450187D9DED2 /* TBXML.m */ = {isa = PBXFileReference; name = "TBXML.m"; path = "cordova-plugin-googlemaps/TBXML.m"; sourceTree = "<group>"; fileEncoding = 4; lastKnownFileType = sourcecode.c.objc; explicitFileType = undefined; includeInIndex = 0; };
		3AAB4146AF1D41189A288142 /* PluginTileOverlay.m */ = {isa = PBXFileReference; name = "PluginTileOverlay.m"; path = "cordova-plugin-googlemaps/PluginTileOverlay.m"; sourceTree = "<group>"; fileEncoding = 4; lastKnownFileType = sourcecode.c.objc; explicitFileType = undefined; includeInIndex = 0; };
		CE6C8BEC94AB4B8AA0B35A6B /* NSData+Base64.m */ = {isa = PBXFileReference; name = "NSData+Base64.m"; path = "cordova-plugin-googlemaps/NSData+Base64.m"; sourceTree = "<group>"; fileEncoding = 4; lastKnownFileType = sourcecode.c.objc; explicitFileType = undefined; includeInIndex = 0; };
		496D5CA02BA34CF5ACAC20CA /* GMSCoordinateBounds+Geometry.m */ = {isa = PBXFileReference; name = "GMSCoordinateBounds+Geometry.m"; path = "cordova-plugin-googlemaps/GMSCoordinateBounds+Geometry.m"; sourceTree = "<group>"; fileEncoding = 4; lastKnownFileType = sourcecode.c.objc; explicitFileType = undefined; includeInIndex = 0; };
		0224EF8774944E4385915F22 /* MyPluginLayer.m */ = {isa = PBXFileReference; name = "MyPluginLayer.m"; path = "cordova-plugin-googlemaps/MyPluginLayer.m"; sourceTree = "<group>"; fileEncoding = 4; lastKnownFileType = sourcecode.c.objc; explicitFileType = undefined; includeInIndex = 0; };
		B42D1D948A054D2F98E14397 /* MyPluginLayerDebugView.m */ = {isa = PBXFileReference; name = "MyPluginLayerDebugView.m"; path = "cordova-plugin-googlemaps/MyPluginLayerDebugView.m"; sourceTree = "<group>"; fileEncoding = 4; lastKnownFileType = sourcecode.c.objc; explicitFileType = undefined; includeInIndex = 0; };
		F5C121EC10764D5492894ABE /* MyPluginScrollView.m */ = {isa = PBXFileReference; name = "MyPluginScrollView.m"; path = "cordova-plugin-googlemaps/MyPluginScrollView.m"; sourceTree = "<group>"; fileEncoding = 4; lastKnownFileType = sourcecode.c.objc; explicitFileType = undefined; includeInIndex = 0; };
		1AC2ABE3CF6546409D409559 /* PluginMarkerCluster.m */ = {isa = PBXFileReference; name = "PluginMarkerCluster.m"; path = "cordova-plugin-googlemaps/PluginMarkerCluster.m"; sourceTree = "<group>"; fileEncoding = 4; lastKnownFileType = sourcecode.c.objc; explicitFileType = undefined; includeInIndex = 0; };
		FC86656BEEDC4E8586833F9D /* UIImageCache.m */ = {isa = PBXFileReference; name = "UIImageCache.m"; path = "cordova-plugin-googlemaps/UIImageCache.m"; sourceTree = "<group>"; fileEncoding = 4; lastKnownFileType = sourcecode.c.objc; explicitFileType = undefined; includeInIndex = 0; };
		D2D20769345240489D33D115 /* PluginCircle.h */ = {isa = PBXFileReference; name = "PluginCircle.h"; path = "cordova-plugin-googlemaps/PluginCircle.h"; sourceTree = "<group>"; fileEncoding = 4; lastKnownFileType = sourcecode.c.h; explicitFileType = undefined; includeInIndex = 0; };
		A005382887A24C83A5F8DC3D /* External.h */ = {isa = PBXFileReference; name = "External.h"; path = "cordova-plugin-googlemaps/External.h"; sourceTree = "<group>"; fileEncoding = 4; lastKnownFileType = sourcecode.c.h; explicitFileType = undefined; includeInIndex = 0; };
		5FA0C1F517244973A23DA0B6 /* PluginGeocoder.h */ = {isa = PBXFileReference; name = "PluginGeocoder.h"; path = "cordova-plugin-googlemaps/PluginGeocoder.h"; sourceTree = "<group>"; fileEncoding = 4; lastKnownFileType = sourcecode.c.h; explicitFileType = undefined; includeInIndex = 0; };
		A399A76599A44D0787F53F62 /* Environment.h */ = {isa = PBXFileReference; name = "Environment.h"; path = "cordova-plugin-googlemaps/Environment.h"; sourceTree = "<group>"; fileEncoding = 4; lastKnownFileType = sourcecode.c.h; explicitFileType = undefined; includeInIndex = 0; };
		C9939E0C48C24BB9A7E6B9AF /* CordovaGoogleMaps.h */ = {isa = PBXFileReference; name = "CordovaGoogleMaps.h"; path = "cordova-plugin-googlemaps/CordovaGoogleMaps.h"; sourceTree = "<group>"; fileEncoding = 4; lastKnownFileType = sourcecode.c.h; explicitFileType = undefined; includeInIndex = 0; };
		F72D40EFF3384734B7CAEB66 /* GoogleMapsViewController.h */ = {isa = PBXFileReference; name = "GoogleMapsViewController.h"; path = "cordova-plugin-googlemaps/GoogleMapsViewController.h"; sourceTree = "<group>"; fileEncoding = 4; lastKnownFileType = sourcecode.c.h; explicitFileType = undefined; includeInIndex = 0; };
		8EF387C0DB7C4DCAB2F2CCAC /* PluginGroundOverlay.h */ = {isa = PBXFileReference; name = "PluginGroundOverlay.h"; path = "cordova-plugin-googlemaps/PluginGroundOverlay.h"; sourceTree = "<group>"; fileEncoding = 4; lastKnownFileType = sourcecode.c.h; explicitFileType = undefined; includeInIndex = 0; };
		87591171D5F84981AFEF9ED5 /* PluginKmlOverlay.h */ = {isa = PBXFileReference; name = "PluginKmlOverlay.h"; path = "cordova-plugin-googlemaps/PluginKmlOverlay.h"; sourceTree = "<group>"; fileEncoding = 4; lastKnownFileType = sourcecode.c.h; explicitFileType = undefined; includeInIndex = 0; };
		81C3F2D41C9447F19189B1B0 /* PluginMap.h */ = {isa = PBXFileReference; name = "PluginMap.h"; path = "cordova-plugin-googlemaps/PluginMap.h"; sourceTree = "<group>"; fileEncoding = 4; lastKnownFileType = sourcecode.c.h; explicitFileType = undefined; includeInIndex = 0; };
		A9BCD0DCB3AC4A849B90DDD6 /* PluginMarker.h */ = {isa = PBXFileReference; name = "PluginMarker.h"; path = "cordova-plugin-googlemaps/PluginMarker.h"; sourceTree = "<group>"; fileEncoding = 4; lastKnownFileType = sourcecode.c.h; explicitFileType = undefined; includeInIndex = 0; };
		49EBF85D653A4D4CB263F4EE /* MyPlgunProtocol.h */ = {isa = PBXFileReference; name = "MyPlgunProtocol.h"; path = "cordova-plugin-googlemaps/MyPlgunProtocol.h"; sourceTree = "<group>"; fileEncoding = 4; lastKnownFileType = sourcecode.c.h; explicitFileType = undefined; includeInIndex = 0; };
		14F6F7C959B04C9A9F4DA981 /* PluginUtil.h */ = {isa = PBXFileReference; name = "PluginUtil.h"; path = "cordova-plugin-googlemaps/PluginUtil.h"; sourceTree = "<group>"; fileEncoding = 4; lastKnownFileType = sourcecode.c.h; explicitFileType = undefined; includeInIndex = 0; };
		CBA232671DEE45FC823358E3 /* PluginPolygon.h */ = {isa = PBXFileReference; name = "PluginPolygon.h"; path = "cordova-plugin-googlemaps/PluginPolygon.h"; sourceTree = "<group>"; fileEncoding = 4; lastKnownFileType = sourcecode.c.h; explicitFileType = undefined; includeInIndex = 0; };
		3C1AB8C663E84DEC80D9F426 /* PluginPolyline.h */ = {isa = PBXFileReference; name = "PluginPolyline.h"; path = "cordova-plugin-googlemaps/PluginPolyline.h"; sourceTree = "<group>"; fileEncoding = 4; lastKnownFileType = sourcecode.c.h; explicitFileType = undefined; includeInIndex = 0; };
		0C02C9D0AD094B42A9215A6F /* PluginTileProvider.h */ = {isa = PBXFileReference; name = "PluginTileProvider.h"; path = "cordova-plugin-googlemaps/PluginTileProvider.h"; sourceTree = "<group>"; fileEncoding = 4; lastKnownFileType = sourcecode.c.h; explicitFileType = undefined; includeInIndex = 0; };
		E0C2752CED804A2CA931A8BA /* TBXML.h */ = {isa = PBXFileReference; name = "TBXML.h"; path = "cordova-plugin-googlemaps/TBXML.h"; sourceTree = "<group>"; fileEncoding = 4; lastKnownFileType = sourcecode.c.h; explicitFileType = undefined; includeInIndex = 0; };
		C38FC1D9E35C4F198F5D79CF /* PluginTileOverlay.h */ = {isa = PBXFileReference; name = "PluginTileOverlay.h"; path = "cordova-plugin-googlemaps/PluginTileOverlay.h"; sourceTree = "<group>"; fileEncoding = 4; lastKnownFileType = sourcecode.c.h; explicitFileType = undefined; includeInIndex = 0; };
		F5E5A8233B094562A1A7D57F /* NSData+Base64.h */ = {isa = PBXFileReference; name = "NSData+Base64.h"; path = "cordova-plugin-googlemaps/NSData+Base64.h"; sourceTree = "<group>"; fileEncoding = 4; lastKnownFileType = sourcecode.c.h; explicitFileType = undefined; includeInIndex = 0; };
		CCDCA901890C41CA95D72B3B /* NSData+Base64.podspec */ = {isa = PBXFileReference; name = "NSData+Base64.podspec"; path = "cordova-plugin-googlemaps/NSData+Base64.podspec"; sourceTree = "<group>"; fileEncoding = undefined; lastKnownFileType = unknown; explicitFileType = undefined; includeInIndex = 0; };
		5A9404E8F2984FD48CCBC44B /* GMSCoordinateBounds+Geometry.h */ = {isa = PBXFileReference; name = "GMSCoordinateBounds+Geometry.h"; path = "cordova-plugin-googlemaps/GMSCoordinateBounds+Geometry.h"; sourceTree = "<group>"; fileEncoding = 4; lastKnownFileType = sourcecode.c.h; explicitFileType = undefined; includeInIndex = 0; };
		44D7719B57114C08A2673D18 /* MyPluginLayer.h */ = {isa = PBXFileReference; name = "MyPluginLayer.h"; path = "cordova-plugin-googlemaps/MyPluginLayer.h"; sourceTree = "<group>"; fileEncoding = 4; lastKnownFileType = sourcecode.c.h; explicitFileType = undefined; includeInIndex = 0; };
		CA071ADD777F46D780B9EF2D /* MyPluginLayerDebugView.h */ = {isa = PBXFileReference; name = "MyPluginLayerDebugView.h"; path = "cordova-plugin-googlemaps/MyPluginLayerDebugView.h"; sourceTree = "<group>"; fileEncoding = 4; lastKnownFileType = sourcecode.c.h; explicitFileType = undefined; includeInIndex = 0; };
		B36D36EA2AE84D8E8388B3D6 /* MyPluginScrollView.h */ = {isa = PBXFileReference; name = "MyPluginScrollView.h"; path = "cordova-plugin-googlemaps/MyPluginScrollView.h"; sourceTree = "<group>"; fileEncoding = 4; lastKnownFileType = sourcecode.c.h; explicitFileType = undefined; includeInIndex = 0; };
		4C1503B1A95D490E934769B1 /* PluginMarkerCluster.h */ = {isa = PBXFileReference; name = "PluginMarkerCluster.h"; path = "cordova-plugin-googlemaps/PluginMarkerCluster.h"; sourceTree = "<group>"; fileEncoding = 4; lastKnownFileType = sourcecode.c.h; explicitFileType = undefined; includeInIndex = 0; };
		3DA4458D3A7E4BD488D7D7A1 /* UIImageCache.h */ = {isa = PBXFileReference; name = "UIImageCache.h"; path = "cordova-plugin-googlemaps/UIImageCache.h"; sourceTree = "<group>"; fileEncoding = 4; lastKnownFileType = sourcecode.c.h; explicitFileType = undefined; includeInIndex = 0; };
/* End PBXFileReference section */

/* Begin PBXFrameworksBuildPhase section */
		1D60588F0D05DD3D006BFB54 /* Frameworks */ = {
			isa = PBXFrameworksBuildPhase;
			buildActionMask = 2147483647;
			files = (
				301BF552109A68D80062928A /* libCordova.a in Frameworks */,
				5738BC71EEEA490ABCC123B6 /* Accelerate.framework in Frameworks */,
				6B3B13526FCE46CCA445FA51 /* CoreData.framework in Frameworks */,
				3521AD7F77B84E39A753B950 /* CoreLocation.framework in Frameworks */,
				C0D1B5E53AC34089929B09DF /* CoreTelephony.framework in Frameworks */,
				31B1BD2DA8EC4E2AA1D52AEF /* CoreText.framework in Frameworks */,
				8D9336FCA8A04AC2BA5921C8 /* GLKit.framework in Frameworks */,
				D6525CAAD6834BC29276072F /* ImageIO.framework in Frameworks */,
				41DC055950DA4782A8DFD87B /* libc++.tbd in Frameworks */,
				CF7BAE0A8C184F0CB32CC711 /* libz.tbd in Frameworks */,
				444DDCDB674344A2AE23FF7B /* OpenGLES.framework in Frameworks */,
				46D20892B79A460DB5ADA7CC /* QuartzCore.framework in Frameworks */,
				146A9CBA3717415C8DF80996 /* SystemConfiguration.framework in Frameworks */,
				DC7B4440BD6A4AB8B9A6C3D0 /* UIKit.framework in Frameworks */,
				C080AA220C134D99876F22BE /* GoogleMapsBase.framework in Frameworks */,
				98739DBE38194585A03A1F8B /* GoogleMaps.framework in Frameworks */,
				E6BFED2E81BA43339E59D867 /* GoogleMapsCore.framework in Frameworks */,
			);
			runOnlyForDeploymentPostprocessing = 0;
		};
/* End PBXFrameworksBuildPhase section */

/* Begin PBXGroup section */
		080E96DDFE201D6D7F000001 /* Classes */ = {
			isa = PBXGroup;
			children = (
				302D95EE14D2391D003F00A1 /* MainViewController.h */,
				302D95EF14D2391D003F00A1 /* MainViewController.m */,
				302D95F014D2391D003F00A1 /* MainViewController.xib */,
				1D3623240D0F684500981E51 /* AppDelegate.h */,
				1D3623250D0F684500981E51 /* AppDelegate.m */,
			);
			name = Classes;
			path = "Wherr/Classes";
			sourceTree = SOURCE_ROOT;
		};
		19C28FACFE9D520D11CA2CBB /* Products */ = {
			isa = PBXGroup;
			children = (
				1D6058910D05DD3D006BFB54 /* Wherr.app */,
			);
			name = Products;
			sourceTree = "<group>";
		};
		29B97314FDCFA39411CA2CEA /* CustomTemplate */ = {
			isa = PBXGroup;
			children = (
				EB87FDF41871DAF40020F90C /* config.xml */,
				EB87FDF31871DA8E0020F90C /* www */,
				EB87FDF11871DA420020F90C /* Staging */,
				301BF52D109A57CC0062928A /* CordovaLib.xcodeproj */,
				080E96DDFE201D6D7F000001 /* Classes */,
				307C750510C5A3420062BCA9 /* Plugins */,
				29B97315FDCFA39411CA2CEA /* Other Sources */,
				29B97317FDCFA39411CA2CEA /* Resources */,
				29B97323FDCFA39411CA2CEA /* Frameworks */,
				19C28FACFE9D520D11CA2CBB /* Products */,
			);
			name = CustomTemplate;
			sourceTree = "<group>";
		};
		29B97315FDCFA39411CA2CEA /* Other Sources */ = {
			isa = PBXGroup;
			children = (
				32CA4F630368D1EE00C91783 /* Wherr-Prefix.pch */,
				29B97316FDCFA39411CA2CEA /* main.m */,
				ED33DF2A687741AEAF9F8254 /* Bridging-Header.h */,
			);
			name = "Other Sources";
			path = "Wherr";
			sourceTree = "<group>";
		};
		29B97317FDCFA39411CA2CEA /* Resources */ = {
			isa = PBXGroup;
			children = (
				0207DA571B56EA530066E2B4 /* Images.xcassets */,
				3047A50E1AB8057F00498E2A /* config */,
				8D1107310486CEB800E47090 /* Wherr-Info.plist */,
				6AFF5BF81D6E424B00AB3073 /* CDVLaunchScreen.storyboard */,
				90A9125500224D0E9C347A1B /* GoogleMaps.bundle */,
			);
			name = Resources;
			path = "Wherr/Resources";
			sourceTree = "<group>";
		};
		29B97323FDCFA39411CA2CEA /* Frameworks */ = {
			isa = PBXGroup;
			children = (
				2CD0F58DB99148E0B8B9C74A /* Accelerate.framework */,
				09DCA7E7C249498CB78EEB6A /* CoreData.framework */,
				EF2D03BE6300471FBB4EA1EA /* CoreLocation.framework */,
				32940922468A4C8DB21A9946 /* CoreTelephony.framework */,
				5189F0AF9B1A46339575558E /* CoreText.framework */,
				F53C786C631A4B478649F6B2 /* GLKit.framework */,
				FE683C5F697C400BBBB362D4 /* ImageIO.framework */,
				8214E78FFF7C4490975C1A91 /* libc++.tbd */,
				061F870EF2D647169B44486A /* libz.tbd */,
				0E5CB8849F704F3B8D228FEA /* OpenGLES.framework */,
				30D9120FD1B045338DF46CBF /* QuartzCore.framework */,
				AC214286ADE24EF5A8AEDD53 /* SystemConfiguration.framework */,
				485FDC125AB84FD7BE25D0A0 /* UIKit.framework */,
				336EDC621976430494731C4E /* GoogleMapsBase.framework */,
				40DB586C9BC44E5CB94B7607 /* GoogleMaps.framework */,
				DDB8B65A2E33483A9D4E52B6 /* GoogleMapsCore.framework */,
			);
			name = Frameworks;
			sourceTree = "<group>";
		};
		301BF52E109A57CC0062928A /* Products */ = {
			isa = PBXGroup;
			children = (
				301BF535109A57CC0062928A /* libCordova.a */,
			);
			name = Products;
			sourceTree = "<group>";
		};
		3047A50E1AB8057F00498E2A /* config */ = {
			isa = PBXGroup;
			children = (
				3047A50F1AB8059700498E2A /* build-debug.xcconfig */,
				3047A5101AB8059700498E2A /* build-release.xcconfig */,
				3047A5111AB8059700498E2A /* build.xcconfig */,
			);
			name = config;
			sourceTree = "<group>";
		};
		307C750510C5A3420062BCA9 /* Plugins */ = {
			isa = PBXGroup;
			children = (
				DE12137F59DD443E891FC10F /* PluginCircle.m */,
				43D2AA55502141E8A75E85B8 /* External.m */,
				FE1D39C37B8049418050D11D /* PluginGeocoder.m */,
				03A5260C532348EFBFFB16F3 /* Environment.m */,
				C698BBD63D4444C8876D0167 /* CordovaGoogleMaps.m */,
				305CCC606E504F6EBD8D01AE /* GoogleMapsViewController.m */,
				B303A48E660D4CCC8255DDB3 /* PluginGroundOverlay.m */,
				D9B967809F024EB7803F92FF /* PluginKmlOverlay.m */,
				71617B0D22AA43A487A4414F /* PluginMap.m */,
				A805B4DB31234D7995E86C28 /* PluginMarker.m */,
				15F8DBDF9CC041E4902A4E23 /* PluginUtil.m */,
				4862F5627275445AB9E1AA03 /* PluginPolygon.m */,
				92E332E6E1B349B29F42A15D /* PluginPolyline.m */,
				056FF891996745B59F851A99 /* PluginTileProvider.m */,
				D8F673F6DD93450187D9DED2 /* TBXML.m */,
				3AAB4146AF1D41189A288142 /* PluginTileOverlay.m */,
				CE6C8BEC94AB4B8AA0B35A6B /* NSData+Base64.m */,
				496D5CA02BA34CF5ACAC20CA /* GMSCoordinateBounds+Geometry.m */,
				0224EF8774944E4385915F22 /* MyPluginLayer.m */,
				B42D1D948A054D2F98E14397 /* MyPluginLayerDebugView.m */,
				F5C121EC10764D5492894ABE /* MyPluginScrollView.m */,
				1AC2ABE3CF6546409D409559 /* PluginMarkerCluster.m */,
				FC86656BEEDC4E8586833F9D /* UIImageCache.m */,
				D2D20769345240489D33D115 /* PluginCircle.h */,
				A005382887A24C83A5F8DC3D /* External.h */,
				5FA0C1F517244973A23DA0B6 /* PluginGeocoder.h */,
				A399A76599A44D0787F53F62 /* Environment.h */,
				C9939E0C48C24BB9A7E6B9AF /* CordovaGoogleMaps.h */,
				F72D40EFF3384734B7CAEB66 /* GoogleMapsViewController.h */,
				8EF387C0DB7C4DCAB2F2CCAC /* PluginGroundOverlay.h */,
				87591171D5F84981AFEF9ED5 /* PluginKmlOverlay.h */,
				81C3F2D41C9447F19189B1B0 /* PluginMap.h */,
				A9BCD0DCB3AC4A849B90DDD6 /* PluginMarker.h */,
				49EBF85D653A4D4CB263F4EE /* MyPlgunProtocol.h */,
				14F6F7C959B04C9A9F4DA981 /* PluginUtil.h */,
				CBA232671DEE45FC823358E3 /* PluginPolygon.h */,
				3C1AB8C663E84DEC80D9F426 /* PluginPolyline.h */,
				0C02C9D0AD094B42A9215A6F /* PluginTileProvider.h */,
				E0C2752CED804A2CA931A8BA /* TBXML.h */,
				C38FC1D9E35C4F198F5D79CF /* PluginTileOverlay.h */,
				F5E5A8233B094562A1A7D57F /* NSData+Base64.h */,
				CCDCA901890C41CA95D72B3B /* NSData+Base64.podspec */,
				5A9404E8F2984FD48CCBC44B /* GMSCoordinateBounds+Geometry.h */,
				44D7719B57114C08A2673D18 /* MyPluginLayer.h */,
				CA071ADD777F46D780B9EF2D /* MyPluginLayerDebugView.h */,
				B36D36EA2AE84D8E8388B3D6 /* MyPluginScrollView.h */,
				4C1503B1A95D490E934769B1 /* PluginMarkerCluster.h */,
				3DA4458D3A7E4BD488D7D7A1 /* UIImageCache.h */,
			);
			name = Plugins;
			path = "Wherr/Plugins";
			sourceTree = SOURCE_ROOT;
		};
		EB87FDF11871DA420020F90C /* Staging */ = {
			isa = PBXGroup;
			children = (
				F840E1F0165FE0F500CFE078 /* config.xml */,
				301BF56E109A69640062928A /* www */,
			);
			name = Staging;
			sourceTree = "<group>";
		};
/* End PBXGroup section */

/* Begin PBXNativeTarget section */
		1D6058900D05DD3D006BFB54 /* Wherr */ = {
			isa = PBXNativeTarget;
			buildConfigurationList = 1D6058960D05DD3E006BFB54 /* Build configuration list for PBXNativeTarget "Wherr" */;
			buildPhases = (
				304B58A110DAC018002A0835 /* Copy www directory */,
				1D60588D0D05DD3D006BFB54 /* Resources */,
				1D60588E0D05DD3D006BFB54 /* Sources */,
				1D60588F0D05DD3D006BFB54 /* Frameworks */,
			);
			buildRules = (
			);
			dependencies = (
				301BF551109A68C00062928A /* PBXTargetDependency */,
			);
			name = "Wherr";
			productName = "Wherr";
			productReference = 1D6058910D05DD3D006BFB54 /* Wherr.app */;
			productType = "com.apple.product-type.application";
		};
/* End PBXNativeTarget section */

/* Begin PBXProject section */
		29B97313FDCFA39411CA2CEA /* Project object */ = {
			isa = PBXProject;
			attributes = {
				LastUpgradeCheck = 510;
			};
			buildConfigurationList = C01FCF4E08A954540054247B /* Build configuration list for PBXProject "__NON-CLI__" */;
			compatibilityVersion = "Xcode 3.2";
			developmentRegion = English;
			hasScannedForEncodings = 1;
			mainGroup = 29B97314FDCFA39411CA2CEA /* CustomTemplate */;
			projectDirPath = "";
			projectReferences = (
				{
					ProductGroup = 301BF52E109A57CC0062928A /* Products */;
					ProjectRef = 301BF52D109A57CC0062928A /* CordovaLib.xcodeproj */;
				},
			);
			projectRoot = "";
			targets = (
				1D6058900D05DD3D006BFB54 /* Wherr */,
			);
		};
/* End PBXProject section */

/* Begin PBXReferenceProxy section */
		301BF535109A57CC0062928A /* libCordova.a */ = {
			isa = PBXReferenceProxy;
			fileType = archive.ar;
			path = libCordova.a;
			remoteRef = 301BF534109A57CC0062928A /* PBXContainerItemProxy */;
			sourceTree = BUILT_PRODUCTS_DIR;
		};
/* End PBXReferenceProxy section */

/* Begin PBXResourcesBuildPhase section */
		1D60588D0D05DD3D006BFB54 /* Resources */ = {
			isa = PBXResourcesBuildPhase;
			buildActionMask = 2147483647;
			files = (
				302D95F214D2391D003F00A1 /* MainViewController.xib in Resources */,
				0207DA581B56EA530066E2B4 /* Images.xcassets in Resources */,
				6AFF5BF91D6E424B00AB3073 /* CDVLaunchScreen.storyboard in Resources */,
				81BE23BFF28147E1AAAF6660 /* GoogleMaps.bundle in Resources */,
			);
			runOnlyForDeploymentPostprocessing = 0;
		};
/* End PBXResourcesBuildPhase section */

/* Begin PBXShellScriptBuildPhase section */
		304B58A110DAC018002A0835 /* Copy www directory */ = {
			isa = PBXShellScriptBuildPhase;
			buildActionMask = 2147483647;
			files = (
			);
			inputPaths = (
			);
			name = "Copy www directory";
			outputPaths = (
			);
			runOnlyForDeploymentPostprocessing = 0;
			shellPath = /bin/sh;
			shellScript = "NODEJS_PATH=/usr/local/bin; NVM_NODE_PATH=~/.nvm/versions/node/`nvm version 2>/dev/null`/bin; N_NODE_PATH=`find /usr/local/n/versions/node/* -maxdepth 0 -type d 2>/dev/null | tail -1`/bin; XCODE_NODE_PATH=`xcode-select --print-path`/usr/share/xcs/Node/bin; PATH=$NODEJS_PATH:$NVM_NODE_PATH:$N_NODE_PATH:$XCODE_NODE_PATH:$PATH && node cordova/lib/copy-www-build-step.js";
			showEnvVarsInLog = 0;
		};
/* End PBXShellScriptBuildPhase section */

/* Begin PBXSourcesBuildPhase section */
		1D60588E0D05DD3D006BFB54 /* Sources */ = {
			isa = PBXSourcesBuildPhase;
			buildActionMask = 2147483647;
			files = (
				1D60589B0D05DD56006BFB54 /* main.m in Sources */,
				1D3623260D0F684500981E51 /* AppDelegate.m in Sources */,
				302D95F114D2391D003F00A1 /* MainViewController.m in Sources */,
				C145B54B16D54DF1AA88E8B3 /* PluginCircle.m in Sources */,
				05E27E23A2DA48DD97BACC79 /* External.m in Sources */,
				0DD6FBDB5C8C442395D41E16 /* PluginGeocoder.m in Sources */,
				27DFA5DA214F48C58DD040DF /* Environment.m in Sources */,
				4D2C8A0DA10240A58F87806C /* CordovaGoogleMaps.m in Sources */,
				B1A340C774C94E919B17625E /* GoogleMapsViewController.m in Sources */,
				2658040C62704FBB9A0BC986 /* PluginGroundOverlay.m in Sources */,
				AC92266434D0491982072292 /* PluginKmlOverlay.m in Sources */,
				9EF995F471C74019B70EB8BF /* PluginMap.m in Sources */,
				00245B901835435EA511E382 /* PluginMarker.m in Sources */,
				EFEB6AA02262490AA55ECC09 /* PluginUtil.m in Sources */,
				C61EFD00AF4748AC8A271F91 /* PluginPolygon.m in Sources */,
				A56703AB5BB94AB18B27DC87 /* PluginPolyline.m in Sources */,
				C92E2E6B289749B9A3053F2B /* PluginTileProvider.m in Sources */,
				BBFDB586F3804899B5984B81 /* TBXML.m in Sources */,
				FF4D2B4AE09C44BAB9A29ACB /* PluginTileOverlay.m in Sources */,
				DE570118031E447393FBF047 /* NSData+Base64.m in Sources */,
				8948CF2E43B3472687551EB9 /* GMSCoordinateBounds+Geometry.m in Sources */,
				D90419908EF04551A5BE70AB /* MyPluginLayer.m in Sources */,
				9D1D457AB9C946AFBCBFFAE6 /* MyPluginLayerDebugView.m in Sources */,
				56C1604FADCB4B7E8723EBDD /* MyPluginScrollView.m in Sources */,
				C454570DD91D45D1B3C3206C /* PluginMarkerCluster.m in Sources */,
				45D9381F3A34447895306AB4 /* UIImageCache.m in Sources */,
			);
			runOnlyForDeploymentPostprocessing = 0;
		};
/* End PBXSourcesBuildPhase section */

/* Begin PBXTargetDependency section */
		301BF551109A68C00062928A /* PBXTargetDependency */ = {
			isa = PBXTargetDependency;
			name = CordovaLib;
			targetProxy = 301BF550109A68C00062928A /* PBXContainerItemProxy */;
		};
/* End PBXTargetDependency section */

/* Begin XCBuildConfiguration section */
		1D6058940D05DD3E006BFB54 /* Debug */ = {
			isa = XCBuildConfiguration;
			baseConfigurationReference = 3047A50F1AB8059700498E2A /* build-debug.xcconfig */;
			buildSettings = {
				ALWAYS_SEARCH_USER_PATHS = NO;
				ASSETCATALOG_COMPILER_APPICON_NAME = AppIcon;
				ASSETCATALOG_COMPILER_LAUNCHIMAGE_NAME = LaunchImage;
				CLANG_ENABLE_MODULES = YES;
				CLANG_ENABLE_OBJC_ARC = YES;
				COPY_PHASE_STRIP = NO;
				GCC_DYNAMIC_NO_PIC = NO;
				GCC_OPTIMIZATION_LEVEL = 0;
				GCC_PRECOMPILE_PREFIX_HEADER = YES;
				GCC_PREFIX_HEADER = "Wherr/Wherr-Prefix.pch";
				GCC_THUMB_SUPPORT = NO;
				GCC_VERSION = "";
				INFOPLIST_FILE = "Wherr/Wherr-Info.plist";
				IPHONEOS_DEPLOYMENT_TARGET = 9.0;
				LD_RUNPATH_SEARCH_PATHS = "@executable_path/Frameworks";
				TARGETED_DEVICE_FAMILY = "1,2";
				PRODUCT_NAME = "Wherr";
				FRAMEWORK_SEARCH_PATHS = (
					"$(inherited)",
					"\"Wherr/Plugins/com.googlemaps.ios\"",
					"\"Wherr/Plugins/com.googlemaps.ios\"",
					"\"Wherr/Plugins/com.googlemaps.ios\"",
				);
			};
			name = Debug;
		};
		1D6058950D05DD3E006BFB54 /* Release */ = {
			isa = XCBuildConfiguration;
			baseConfigurationReference = 3047A5101AB8059700498E2A /* build-release.xcconfig */;
			buildSettings = {
				ALWAYS_SEARCH_USER_PATHS = NO;
				ASSETCATALOG_COMPILER_APPICON_NAME = AppIcon;
				ASSETCATALOG_COMPILER_LAUNCHIMAGE_NAME = LaunchImage;
				CLANG_ENABLE_MODULES = YES;
				CLANG_ENABLE_OBJC_ARC = YES;
				COPY_PHASE_STRIP = YES;
				GCC_PRECOMPILE_PREFIX_HEADER = YES;
				GCC_PREFIX_HEADER = "Wherr/Wherr-Prefix.pch";
				GCC_THUMB_SUPPORT = NO;
				GCC_VERSION = "";
				INFOPLIST_FILE = "Wherr/Wherr-Info.plist";
				IPHONEOS_DEPLOYMENT_TARGET = 9.0;
				LD_RUNPATH_SEARCH_PATHS = "@executable_path/Frameworks";
				TARGETED_DEVICE_FAMILY = "1,2";
				PRODUCT_NAME = "Wherr";
				FRAMEWORK_SEARCH_PATHS = (
					"$(inherited)",
					"\"Wherr/Plugins/com.googlemaps.ios\"",
					"\"Wherr/Plugins/com.googlemaps.ios\"",
					"\"Wherr/Plugins/com.googlemaps.ios\"",
				);
			};
			name = Release;
		};
		C01FCF4F08A954540054247B /* Debug */ = {
			isa = XCBuildConfiguration;
			baseConfigurationReference = 3047A5111AB8059700498E2A /* build.xcconfig */;
			buildSettings = {
				CLANG_ENABLE_MODULES = YES;
				CLANG_ENABLE_OBJC_ARC = YES;
				CLANG_WARN_BOOL_CONVERSION = YES;
				CLANG_WARN_CONSTANT_CONVERSION = YES;
				CLANG_WARN_EMPTY_BODY = YES;
				CLANG_WARN_ENUM_CONVERSION = YES;
				CLANG_WARN_INT_CONVERSION = YES;
				CLANG_WARN__DUPLICATE_METHOD_MATCH = YES;
				GCC_C_LANGUAGE_STANDARD = c99;
				GCC_THUMB_SUPPORT = NO;
				GCC_VERSION = "";
				GCC_WARN_ABOUT_RETURN_TYPE = YES;
				GCC_WARN_UNDECLARED_SELECTOR = YES;
				GCC_WARN_UNINITIALIZED_AUTOS = YES;
				GCC_WARN_UNUSED_FUNCTION = YES;
				GCC_WARN_UNUSED_VARIABLE = YES;
				ONLY_ACTIVE_ARCH = YES;
				SDKROOT = iphoneos;
				SKIP_INSTALL = NO;
			};
			name = Debug;
		};
		C01FCF5008A954540054247B /* Release */ = {
			isa = XCBuildConfiguration;
			baseConfigurationReference = 3047A5111AB8059700498E2A /* build.xcconfig */;
			buildSettings = {
				CLANG_ENABLE_MODULES = YES;
				CLANG_ENABLE_OBJC_ARC = YES;
				CLANG_WARN_BOOL_CONVERSION = YES;
				CLANG_WARN_CONSTANT_CONVERSION = YES;
				CLANG_WARN_EMPTY_BODY = YES;
				CLANG_WARN_ENUM_CONVERSION = YES;
				CLANG_WARN_INT_CONVERSION = YES;
				CLANG_WARN__DUPLICATE_METHOD_MATCH = YES;
				GCC_C_LANGUAGE_STANDARD = c99;
				GCC_THUMB_SUPPORT = NO;
				GCC_VERSION = "";
				GCC_WARN_ABOUT_RETURN_TYPE = YES;
				GCC_WARN_UNDECLARED_SELECTOR = YES;
				GCC_WARN_UNINITIALIZED_AUTOS = YES;
				GCC_WARN_UNUSED_FUNCTION = YES;
				GCC_WARN_UNUSED_VARIABLE = YES;
				SDKROOT = iphoneos;
				SKIP_INSTALL = NO;
			};
			name = Release;
		};
/* End XCBuildConfiguration section */

/* Begin XCConfigurationList section */
		1D6058960D05DD3E006BFB54 /* Build configuration list for PBXNativeTarget "Wherr" */ = {
			isa = XCConfigurationList;
			buildConfigurations = (
				1D6058940D05DD3E006BFB54 /* Debug */,
				1D6058950D05DD3E006BFB54 /* Release */,
			);
			defaultConfigurationIsVisible = 0;
			defaultConfigurationName = Release;
		};
		C01FCF4E08A954540054247B /* Build configuration list for PBXProject "__NON-CLI__" */ = {
			isa = XCConfigurationList;
			buildConfigurations = (
				C01FCF4F08A954540054247B /* Debug */,
				C01FCF5008A954540054247B /* Release */,
			);
			defaultConfigurationIsVisible = 0;
			defaultConfigurationName = Release;
		};
/* End XCConfigurationList section */
	};
	rootObject = 29B97313FDCFA39411CA2CEA /* Project object */;
}
