// !$*UTF8*$!
{
	archiveVersion = 1;
	classes = {
	};
	objectVersion = 46;
	objects = {
/* Begin PBXBuildFile section */
		0207DA581B56EA530066E2B4 /* Images.xcassets in Resources */ = {isa = PBXBuildFile; fileRef = 0207DA571B56EA530066E2B4 /* Images.xcassets */; };
		1D3623260D0F684500981E51 /* AppDelegate.m in Sources */ = {isa = PBXBuildFile; fileRef = 1D3623250D0F684500981E51 /* AppDelegate.m */; };
		1D60589B0D05DD56006BFB54 /* main.m in Sources */ = {isa = PBXBuildFile; fileRef = 29B97316FDCFA39411CA2CEA /* main.m */; };
		301BF552109A68D80062928A /* libCordova.a in Frameworks */ = {isa = PBXBuildFile; fileRef = 301BF535109A57CC0062928A /* libCordova.a */; };
		302D95F114D2391D003F00A1 /* MainViewController.m in Sources */ = {isa = PBXBuildFile; fileRef = 302D95EF14D2391D003F00A1 /* MainViewController.m */; };
		302D95F214D2391D003F00A1 /* MainViewController.xib in Resources */ = {isa = PBXBuildFile; fileRef = 302D95F014D2391D003F00A1 /* MainViewController.xib */; };
		3047A5121AB8059700498E2A /* build-debug.xcconfig in Resources */ = {isa = PBXBuildFile; fileRef = 3047A50F1AB8059700498E2A /* build-debug.xcconfig */; };
		3047A5131AB8059700498E2A /* build-release.xcconfig in Resources */ = {isa = PBXBuildFile; fileRef = 3047A5101AB8059700498E2A /* build-release.xcconfig */; };
		3047A5141AB8059700498E2A /* build.xcconfig in Resources */ = {isa = PBXBuildFile; fileRef = 3047A5111AB8059700498E2A /* build.xcconfig */; };
		6AFF5BF91D6E424B00AB3073 /* CDVLaunchScreen.storyboard in Resources */ = {isa = PBXBuildFile; fileRef = 6AFF5BF81D6E424B00AB3073 /* CDVLaunchScreen.storyboard */; };
		A4E7D6ECD2394E29AA073A96 /* GoogleMaps.bundle in Resources */ = {isa = PBXBuildFile; fileRef = 4FD06780A49E44F0904E9614 /* GoogleMaps.bundle */; };
		66C5FFB037564535AECD2A40 /* Accelerate.framework in Frameworks */ = {isa = PBXBuildFile; fileRef = 17DE6A28EDF7450D81D813D5 /* Accelerate.framework */; };
		A490AE058BB841C39BB3E599 /* CoreData.framework in Frameworks */ = {isa = PBXBuildFile; fileRef = BE08F767FD564E89930CAD18 /* CoreData.framework */; };
		DD71507AA4A246FEAF912088 /* CoreLocation.framework in Frameworks */ = {isa = PBXBuildFile; fileRef = 68D8ED2F9A4A4BE48DBD14BF /* CoreLocation.framework */; };
		890C596629E54F49BC3B90A2 /* CoreTelephony.framework in Frameworks */ = {isa = PBXBuildFile; fileRef = 560D5F70CE2849AAB3E8F11E /* CoreTelephony.framework */; };
		448D6B1A14F54452A135E1D4 /* CoreText.framework in Frameworks */ = {isa = PBXBuildFile; fileRef = C2E9BD16D4B04938ADACE54D /* CoreText.framework */; };
		56CD50B29C07447FB3EA7D64 /* GLKit.framework in Frameworks */ = {isa = PBXBuildFile; fileRef = 43F3CCF84C2542DCA7833486 /* GLKit.framework */; };
		7DDCA03B56634E668907B3AA /* ImageIO.framework in Frameworks */ = {isa = PBXBuildFile; fileRef = 673348B12C4C43BBA3BEBDC0 /* ImageIO.framework */; };
		A74350FF06D842E69D0638B1 /* libc++.tbd in Frameworks */ = {isa = PBXBuildFile; fileRef = 5A90A21C20164F0B9B0573AE /* libc++.tbd */; };
		31BE47430A454EEB9529A87D /* libz.tbd in Frameworks */ = {isa = PBXBuildFile; fileRef = D93D879BB6FF4C2A9D5FC1C7 /* libz.tbd */; };
		8DA4C855053E4DE0813CD4C8 /* OpenGLES.framework in Frameworks */ = {isa = PBXBuildFile; fileRef = 065B8AA1B3F640E7956995F5 /* OpenGLES.framework */; };
		A123C600C1AD4D6DB3F08BD6 /* QuartzCore.framework in Frameworks */ = {isa = PBXBuildFile; fileRef = D183B7BED8174107AABAA8A9 /* QuartzCore.framework */; };
		3FF9B8A704AB4E708F21CAB8 /* SystemConfiguration.framework in Frameworks */ = {isa = PBXBuildFile; fileRef = CDB6E70CD4B74ABFBA784261 /* SystemConfiguration.framework */; };
		111E7C7CA9714473A5474619 /* UIKit.framework in Frameworks */ = {isa = PBXBuildFile; fileRef = 1204B49F1D4644CE9F5C5F24 /* UIKit.framework */; };
		E7459A40E7C44BF993175CA9 /* GoogleMapsBase.framework in Frameworks */ = {isa = PBXBuildFile; fileRef = DA4F50CA649449AD87D2F62E /* GoogleMapsBase.framework */; };
		C5F7E484A3DB462CAAD3E53E /* GoogleMaps.framework in Frameworks */ = {isa = PBXBuildFile; fileRef = 8FA9D267FC6F46C18B32D566 /* GoogleMaps.framework */; };
		BD7345724A8D485A8139A5E0 /* GoogleMapsCore.framework in Frameworks */ = {isa = PBXBuildFile; fileRef = 44A1103E2B48476EA172CC73 /* GoogleMapsCore.framework */; };
		F12325A22D2A4658AE58E2AE /* PluginCircle.m in Sources */ = {isa = PBXBuildFile; fileRef = A18E0149A1B84FB29CA83D24 /* PluginCircle.m */; };
		4B26DF8948BB43AE892D16FC /* PluginGeocoder.m in Sources */ = {isa = PBXBuildFile; fileRef = A87BA81E9D47421F98496C6B /* PluginGeocoder.m */; };
		F498B908425D41ADB7D8209A /* Environment.m in Sources */ = {isa = PBXBuildFile; fileRef = 5C96ABE66F6541F78DE46C8F /* Environment.m */; };
		38448CC89EE9470194A56126 /* CordovaGoogleMaps.m in Sources */ = {isa = PBXBuildFile; fileRef = 410693BC9A0F43E388BD5B51 /* CordovaGoogleMaps.m */; };
		9BD8301EE6EA49FD9FCC7247 /* GoogleMapsViewController.m in Sources */ = {isa = PBXBuildFile; fileRef = 8F72D781B7A242A9B14D8830 /* GoogleMapsViewController.m */; };
		C688630942674C36A1C3FA9C /* PluginGroundOverlay.m in Sources */ = {isa = PBXBuildFile; fileRef = A9FA7EDF69D94B89BB2A74D5 /* PluginGroundOverlay.m */; };
		3E56E9EC68FE4AD49489B561 /* PluginKmlOverlay.m in Sources */ = {isa = PBXBuildFile; fileRef = 0574BBA9F3BE481D87E8FF36 /* PluginKmlOverlay.m */; };
		B7155197D9554B38997D2D23 /* PluginMap.m in Sources */ = {isa = PBXBuildFile; fileRef = 7E80A31347A34EF69DB77E4C /* PluginMap.m */; };
		6847643EF5F74C118B7889EB /* PluginMarker.m in Sources */ = {isa = PBXBuildFile; fileRef = A39474A997FB4C4585969C15 /* PluginMarker.m */; };
		C0680E8E4F95486F886ACCC2 /* PluginUtil.m in Sources */ = {isa = PBXBuildFile; fileRef = 5515E519B5FA4D66931279BF /* PluginUtil.m */; };
		587D3CC5B85A4A54A3B40FD9 /* PluginPolygon.m in Sources */ = {isa = PBXBuildFile; fileRef = A4DDAE07D30C468AB1632297 /* PluginPolygon.m */; };
		C0B18693AD6F4DF391573FF7 /* PluginPolyline.m in Sources */ = {isa = PBXBuildFile; fileRef = 1FFB0C26DDE44ACD9B46C90A /* PluginPolyline.m */; };
		BB6EF5CAB6F74F3790146E90 /* PluginTileProvider.m in Sources */ = {isa = PBXBuildFile; fileRef = 905670078E2C44FAB772C533 /* PluginTileProvider.m */; };
		3C6B61EE4AAA42D4BE619836 /* TBXML.m in Sources */ = {isa = PBXBuildFile; fileRef = 19247C4AA8DF489D8C422B62 /* TBXML.m */; };
		476C291215334736A9F050A4 /* PluginTileOverlay.m in Sources */ = {isa = PBXBuildFile; fileRef = EDDBA68EE3EF4F9CAC7AC92E /* PluginTileOverlay.m */; };
		CF30C4BCB8EE49C2904CED04 /* NSData+Base64.m in Sources */ = {isa = PBXBuildFile; fileRef = E03EF17112F24B11BEE25FF7 /* NSData+Base64.m */; };
		E7770AB3829C429195F1CD37 /* GMSCoordinateBounds+Geometry.m in Sources */ = {isa = PBXBuildFile; fileRef = ECFE0B63DA274462AA55BD37 /* GMSCoordinateBounds+Geometry.m */; };
		EDB19D9E14704E31953F6CC5 /* MyPluginLayer.m in Sources */ = {isa = PBXBuildFile; fileRef = 7C3728B1D89B484B998ABC36 /* MyPluginLayer.m */; };
		953342EF3DD34F7684F3A500 /* MyPluginLayerDebugView.m in Sources */ = {isa = PBXBuildFile; fileRef = 5D006AE8D8CC4BBDB5A6B19B /* MyPluginLayerDebugView.m */; };
		FC9D5048946D434E9356E5F2 /* MyPluginScrollView.m in Sources */ = {isa = PBXBuildFile; fileRef = FFE6EAE15DCC45CCADF1C641 /* MyPluginScrollView.m */; };
		5620835D8C214223B7D848AC /* PluginMarkerCluster.m in Sources */ = {isa = PBXBuildFile; fileRef = 33FC93C9084A44E6807BB922 /* PluginMarkerCluster.m */; };
		B9BF978AD737483EA6963C50 /* UIImageCache.m in Sources */ = {isa = PBXBuildFile; fileRef = EC8AD1F343774D3092BE44BE /* UIImageCache.m */; };
/* End PBXBuildFile section */

/* Begin PBXContainerItemProxy section */
		301BF534109A57CC0062928A /* PBXContainerItemProxy */ = {
			isa = PBXContainerItemProxy;
			containerPortal = 301BF52D109A57CC0062928A /* CordovaLib.xcodeproj */;
			proxyType = 2;
			remoteGlobalIDString = D2AAC07E0554694100DB518D;
			remoteInfo = CordovaLib;
		};
		301BF550109A68C00062928A /* PBXContainerItemProxy */ = {
			isa = PBXContainerItemProxy;
			containerPortal = 301BF52D109A57CC0062928A /* CordovaLib.xcodeproj */;
			proxyType = 1;
			remoteGlobalIDString = D2AAC07D0554694100DB518D;
			remoteInfo = CordovaLib;
		};
/* End PBXContainerItemProxy section */

/* Begin PBXFileReference section */
		0207DA571B56EA530066E2B4 /* Images.xcassets */ = {isa = PBXFileReference; lastKnownFileType = folder.assetcatalog; name = Images.xcassets; path = "Wherr/Images.xcassets"; sourceTree = SOURCE_ROOT; };
		1D3623240D0F684500981E51 /* AppDelegate.h */ = {isa = PBXFileReference; fileEncoding = 4; lastKnownFileType = sourcecode.c.h; path = AppDelegate.h; sourceTree = "<group>"; };
		1D3623250D0F684500981E51 /* AppDelegate.m */ = {isa = PBXFileReference; fileEncoding = 4; lastKnownFileType = sourcecode.c.objc; path = AppDelegate.m; sourceTree = "<group>"; };
		1D6058910D05DD3D006BFB54 /* Wherr.app */ = {isa = PBXFileReference; explicitFileType = wrapper.application; includeInIndex = 0; path = "Wherr.app"; sourceTree = BUILT_PRODUCTS_DIR; };
		29B97316FDCFA39411CA2CEA /* main.m */ = {isa = PBXFileReference; fileEncoding = 4; lastKnownFileType = sourcecode.c.objc; path = main.m; sourceTree = "<group>"; };
		301BF52D109A57CC0062928A /* CordovaLib.xcodeproj */ = {isa = PBXFileReference; lastKnownFileType = "wrapper.pb-project"; path = CordovaLib/CordovaLib.xcodeproj; sourceTree = "<group>"; };
		301BF56E109A69640062928A /* www */ = {isa = PBXFileReference; lastKnownFileType = folder; path = www; sourceTree = SOURCE_ROOT; };
		302D95EE14D2391D003F00A1 /* MainViewController.h */ = {isa = PBXFileReference; fileEncoding = 4; lastKnownFileType = sourcecode.c.h; path = MainViewController.h; sourceTree = "<group>"; };
		302D95EF14D2391D003F00A1 /* MainViewController.m */ = {isa = PBXFileReference; fileEncoding = 4; lastKnownFileType = sourcecode.c.objc; path = MainViewController.m; sourceTree = "<group>"; };
		302D95F014D2391D003F00A1 /* MainViewController.xib */ = {isa = PBXFileReference; fileEncoding = 4; lastKnownFileType = file.xib; path = MainViewController.xib; sourceTree = "<group>"; };
		3047A50F1AB8059700498E2A /* build-debug.xcconfig */ = {isa = PBXFileReference; fileEncoding = 4; lastKnownFileType = text.xcconfig; name = "build-debug.xcconfig"; path = cordova/build-debug.xcconfig; sourceTree = SOURCE_ROOT; };
		3047A5101AB8059700498E2A /* build-release.xcconfig */ = {isa = PBXFileReference; fileEncoding = 4; lastKnownFileType = text.xcconfig; name = "build-release.xcconfig"; path = cordova/build-release.xcconfig; sourceTree = SOURCE_ROOT; };
		3047A5111AB8059700498E2A /* build.xcconfig */ = {isa = PBXFileReference; fileEncoding = 4; lastKnownFileType = text.xcconfig; name = build.xcconfig; path = cordova/build.xcconfig; sourceTree = SOURCE_ROOT; };
		32CA4F630368D1EE00C91783 /* Wherr-Prefix.pch */ = {isa = PBXFileReference; fileEncoding = 4; lastKnownFileType = sourcecode.c.h; path = "Wherr-Prefix.pch"; sourceTree = "<group>"; };
		6AFF5BF81D6E424B00AB3073 /* CDVLaunchScreen.storyboard */ = {isa = PBXFileReference; fileEncoding = 4; lastKnownFileType = file.storyboard; name = CDVLaunchScreen.storyboard; path = "Wherr/CDVLaunchScreen.storyboard"; sourceTree = SOURCE_ROOT; };
		8D1107310486CEB800E47090 /* Wherr-Info.plist */ = {isa = PBXFileReference; fileEncoding = 4; lastKnownFileType = text.plist.xml; name = "Wherr-Info.plist"; path = "Wherr/Wherr-Info.plist"; plistStructureDefinitionIdentifier = "com.apple.xcode.plist.structure-definition.iphone.info-plist"; sourceTree = SOURCE_ROOT; };
		EB87FDF31871DA8E0020F90C /* www */ = {isa = PBXFileReference; lastKnownFileType = folder; name = www; path = ../../www; sourceTree = "<group>"; };
		EB87FDF41871DAF40020F90C /* config.xml */ = {isa = PBXFileReference; lastKnownFileType = text.xml; name = config.xml; path = ../../config.xml; sourceTree = "<group>"; };
		F840E1F0165FE0F500CFE078 /* config.xml */ = {isa = PBXFileReference; lastKnownFileType = text.xml; name = config.xml; path = "Wherr/config.xml"; sourceTree = "<group>"; };
		ED33DF2A687741AEAF9F8254 /* Bridging-Header.h */ = {isa = PBXFileReference; fileEncoding = 4; lastKnownFileType = sourcecode.c.h; name = "Bridging-Header.h"; path = "Bridging-Header.h"; sourceTree = "<group>"; };
		4FD06780A49E44F0904E9614 /* GoogleMaps.bundle */ = {isa = PBXFileReference; name = "GoogleMaps.bundle"; path = "GoogleMaps.bundle"; sourceTree = "<group>"; fileEncoding = undefined; lastKnownFileType = wrapper.plug-in; explicitFileType = undefined; includeInIndex = 0; };
		17DE6A28EDF7450D81D813D5 /* Accelerate.framework */ = {isa = PBXFileReference; name = "Accelerate.framework"; path = "System/Library/Frameworks/Accelerate.framework"; sourceTree = SDKROOT; fileEncoding = undefined; lastKnownFileType = wrapper.framework; explicitFileType = undefined; includeInIndex = 0; };
		BE08F767FD564E89930CAD18 /* CoreData.framework */ = {isa = PBXFileReference; name = "CoreData.framework"; path = "System/Library/Frameworks/CoreData.framework"; sourceTree = SDKROOT; fileEncoding = undefined; lastKnownFileType = wrapper.framework; explicitFileType = undefined; includeInIndex = 0; };
		68D8ED2F9A4A4BE48DBD14BF /* CoreLocation.framework */ = {isa = PBXFileReference; name = "CoreLocation.framework"; path = "System/Library/Frameworks/CoreLocation.framework"; sourceTree = SDKROOT; fileEncoding = undefined; lastKnownFileType = wrapper.framework; explicitFileType = undefined; includeInIndex = 0; };
		560D5F70CE2849AAB3E8F11E /* CoreTelephony.framework */ = {isa = PBXFileReference; name = "CoreTelephony.framework"; path = "System/Library/Frameworks/CoreTelephony.framework"; sourceTree = SDKROOT; fileEncoding = undefined; lastKnownFileType = wrapper.framework; explicitFileType = undefined; includeInIndex = 0; };
		C2E9BD16D4B04938ADACE54D /* CoreText.framework */ = {isa = PBXFileReference; name = "CoreText.framework"; path = "System/Library/Frameworks/CoreText.framework"; sourceTree = SDKROOT; fileEncoding = undefined; lastKnownFileType = wrapper.framework; explicitFileType = undefined; includeInIndex = 0; };
		43F3CCF84C2542DCA7833486 /* GLKit.framework */ = {isa = PBXFileReference; name = "GLKit.framework"; path = "System/Library/Frameworks/GLKit.framework"; sourceTree = SDKROOT; fileEncoding = undefined; lastKnownFileType = wrapper.framework; explicitFileType = undefined; includeInIndex = 0; };
		673348B12C4C43BBA3BEBDC0 /* ImageIO.framework */ = {isa = PBXFileReference; name = "ImageIO.framework"; path = "System/Library/Frameworks/ImageIO.framework"; sourceTree = SDKROOT; fileEncoding = undefined; lastKnownFileType = wrapper.framework; explicitFileType = undefined; includeInIndex = 0; };
		5A90A21C20164F0B9B0573AE /* libc++.tbd */ = {isa = PBXFileReference; name = "libc++.tbd"; path = "usr/lib/libc++.tbd"; sourceTree = SDKROOT; fileEncoding = undefined; lastKnownFileType = sourcecode.text-based-dylib-definition; explicitFileType = undefined; includeInIndex = 0; };
		D93D879BB6FF4C2A9D5FC1C7 /* libz.tbd */ = {isa = PBXFileReference; name = "libz.tbd"; path = "usr/lib/libz.tbd"; sourceTree = SDKROOT; fileEncoding = undefined; lastKnownFileType = sourcecode.text-based-dylib-definition; explicitFileType = undefined; includeInIndex = 0; };
		065B8AA1B3F640E7956995F5 /* OpenGLES.framework */ = {isa = PBXFileReference; name = "OpenGLES.framework"; path = "System/Library/Frameworks/OpenGLES.framework"; sourceTree = SDKROOT; fileEncoding = undefined; lastKnownFileType = wrapper.framework; explicitFileType = undefined; includeInIndex = 0; };
		D183B7BED8174107AABAA8A9 /* QuartzCore.framework */ = {isa = PBXFileReference; name = "QuartzCore.framework"; path = "System/Library/Frameworks/QuartzCore.framework"; sourceTree = SDKROOT; fileEncoding = undefined; lastKnownFileType = wrapper.framework; explicitFileType = undefined; includeInIndex = 0; };
		CDB6E70CD4B74ABFBA784261 /* SystemConfiguration.framework */ = {isa = PBXFileReference; name = "SystemConfiguration.framework"; path = "System/Library/Frameworks/SystemConfiguration.framework"; sourceTree = SDKROOT; fileEncoding = undefined; lastKnownFileType = wrapper.framework; explicitFileType = undefined; includeInIndex = 0; };
		1204B49F1D4644CE9F5C5F24 /* UIKit.framework */ = {isa = PBXFileReference; name = "UIKit.framework"; path = "System/Library/Frameworks/UIKit.framework"; sourceTree = SDKROOT; fileEncoding = undefined; lastKnownFileType = wrapper.framework; explicitFileType = undefined; includeInIndex = 0; };
		DA4F50CA649449AD87D2F62E /* GoogleMapsBase.framework */ = {isa = PBXFileReference; name = "GoogleMapsBase.framework"; path = "Wherr/Plugins/com.googlemaps.ios/GoogleMapsBase.framework"; sourceTree = "<group>"; fileEncoding = undefined; lastKnownFileType = wrapper.framework; explicitFileType = undefined; includeInIndex = 0; };
		8FA9D267FC6F46C18B32D566 /* GoogleMaps.framework */ = {isa = PBXFileReference; name = "GoogleMaps.framework"; path = "Wherr/Plugins/com.googlemaps.ios/GoogleMaps.framework"; sourceTree = "<group>"; fileEncoding = undefined; lastKnownFileType = wrapper.framework; explicitFileType = undefined; includeInIndex = 0; };
		44A1103E2B48476EA172CC73 /* GoogleMapsCore.framework */ = {isa = PBXFileReference; name = "GoogleMapsCore.framework"; path = "Wherr/Plugins/com.googlemaps.ios/GoogleMapsCore.framework"; sourceTree = "<group>"; fileEncoding = undefined; lastKnownFileType = wrapper.framework; explicitFileType = undefined; includeInIndex = 0; };
		A18E0149A1B84FB29CA83D24 /* PluginCircle.m */ = {isa = PBXFileReference; name = "PluginCircle.m"; path = "cordova-plugin-googlemaps/PluginCircle.m"; sourceTree = "<group>"; fileEncoding = 4; lastKnownFileType = sourcecode.c.objc; explicitFileType = undefined; includeInIndex = 0; };
		A87BA81E9D47421F98496C6B /* PluginGeocoder.m */ = {isa = PBXFileReference; name = "PluginGeocoder.m"; path = "cordova-plugin-googlemaps/PluginGeocoder.m"; sourceTree = "<group>"; fileEncoding = 4; lastKnownFileType = sourcecode.c.objc; explicitFileType = undefined; includeInIndex = 0; };
		5C96ABE66F6541F78DE46C8F /* Environment.m */ = {isa = PBXFileReference; name = "Environment.m"; path = "cordova-plugin-googlemaps/Environment.m"; sourceTree = "<group>"; fileEncoding = 4; lastKnownFileType = sourcecode.c.objc; explicitFileType = undefined; includeInIndex = 0; };
		410693BC9A0F43E388BD5B51 /* CordovaGoogleMaps.m */ = {isa = PBXFileReference; name = "CordovaGoogleMaps.m"; path = "cordova-plugin-googlemaps/CordovaGoogleMaps.m"; sourceTree = "<group>"; fileEncoding = 4; lastKnownFileType = sourcecode.c.objc; explicitFileType = undefined; includeInIndex = 0; };
		8F72D781B7A242A9B14D8830 /* GoogleMapsViewController.m */ = {isa = PBXFileReference; name = "GoogleMapsViewController.m"; path = "cordova-plugin-googlemaps/GoogleMapsViewController.m"; sourceTree = "<group>"; fileEncoding = 4; lastKnownFileType = sourcecode.c.objc; explicitFileType = undefined; includeInIndex = 0; };
		A9FA7EDF69D94B89BB2A74D5 /* PluginGroundOverlay.m */ = {isa = PBXFileReference; name = "PluginGroundOverlay.m"; path = "cordova-plugin-googlemaps/PluginGroundOverlay.m"; sourceTree = "<group>"; fileEncoding = 4; lastKnownFileType = sourcecode.c.objc; explicitFileType = undefined; includeInIndex = 0; };
		0574BBA9F3BE481D87E8FF36 /* PluginKmlOverlay.m */ = {isa = PBXFileReference; name = "PluginKmlOverlay.m"; path = "cordova-plugin-googlemaps/PluginKmlOverlay.m"; sourceTree = "<group>"; fileEncoding = 4; lastKnownFileType = sourcecode.c.objc; explicitFileType = undefined; includeInIndex = 0; };
		7E80A31347A34EF69DB77E4C /* PluginMap.m */ = {isa = PBXFileReference; name = "PluginMap.m"; path = "cordova-plugin-googlemaps/PluginMap.m"; sourceTree = "<group>"; fileEncoding = 4; lastKnownFileType = sourcecode.c.objc; explicitFileType = undefined; includeInIndex = 0; };
		A39474A997FB4C4585969C15 /* PluginMarker.m */ = {isa = PBXFileReference; name = "PluginMarker.m"; path = "cordova-plugin-googlemaps/PluginMarker.m"; sourceTree = "<group>"; fileEncoding = 4; lastKnownFileType = sourcecode.c.objc; explicitFileType = undefined; includeInIndex = 0; };
		5515E519B5FA4D66931279BF /* PluginUtil.m */ = {isa = PBXFileReference; name = "PluginUtil.m"; path = "cordova-plugin-googlemaps/PluginUtil.m"; sourceTree = "<group>"; fileEncoding = 4; lastKnownFileType = sourcecode.c.objc; explicitFileType = undefined; includeInIndex = 0; };
		A4DDAE07D30C468AB1632297 /* PluginPolygon.m */ = {isa = PBXFileReference; name = "PluginPolygon.m"; path = "cordova-plugin-googlemaps/PluginPolygon.m"; sourceTree = "<group>"; fileEncoding = 4; lastKnownFileType = sourcecode.c.objc; explicitFileType = undefined; includeInIndex = 0; };
		1FFB0C26DDE44ACD9B46C90A /* PluginPolyline.m */ = {isa = PBXFileReference; name = "PluginPolyline.m"; path = "cordova-plugin-googlemaps/PluginPolyline.m"; sourceTree = "<group>"; fileEncoding = 4; lastKnownFileType = sourcecode.c.objc; explicitFileType = undefined; includeInIndex = 0; };
		905670078E2C44FAB772C533 /* PluginTileProvider.m */ = {isa = PBXFileReference; name = "PluginTileProvider.m"; path = "cordova-plugin-googlemaps/PluginTileProvider.m"; sourceTree = "<group>"; fileEncoding = 4; lastKnownFileType = sourcecode.c.objc; explicitFileType = undefined; includeInIndex = 0; };
		19247C4AA8DF489D8C422B62 /* TBXML.m */ = {isa = PBXFileReference; name = "TBXML.m"; path = "cordova-plugin-googlemaps/TBXML.m"; sourceTree = "<group>"; fileEncoding = 4; lastKnownFileType = sourcecode.c.objc; explicitFileType = undefined; includeInIndex = 0; };
		EDDBA68EE3EF4F9CAC7AC92E /* PluginTileOverlay.m */ = {isa = PBXFileReference; name = "PluginTileOverlay.m"; path = "cordova-plugin-googlemaps/PluginTileOverlay.m"; sourceTree = "<group>"; fileEncoding = 4; lastKnownFileType = sourcecode.c.objc; explicitFileType = undefined; includeInIndex = 0; };
		E03EF17112F24B11BEE25FF7 /* NSData+Base64.m */ = {isa = PBXFileReference; name = "NSData+Base64.m"; path = "cordova-plugin-googlemaps/NSData+Base64.m"; sourceTree = "<group>"; fileEncoding = 4; lastKnownFileType = sourcecode.c.objc; explicitFileType = undefined; includeInIndex = 0; };
		ECFE0B63DA274462AA55BD37 /* GMSCoordinateBounds+Geometry.m */ = {isa = PBXFileReference; name = "GMSCoordinateBounds+Geometry.m"; path = "cordova-plugin-googlemaps/GMSCoordinateBounds+Geometry.m"; sourceTree = "<group>"; fileEncoding = 4; lastKnownFileType = sourcecode.c.objc; explicitFileType = undefined; includeInIndex = 0; };
		7C3728B1D89B484B998ABC36 /* MyPluginLayer.m */ = {isa = PBXFileReference; name = "MyPluginLayer.m"; path = "cordova-plugin-googlemaps/MyPluginLayer.m"; sourceTree = "<group>"; fileEncoding = 4; lastKnownFileType = sourcecode.c.objc; explicitFileType = undefined; includeInIndex = 0; };
		5D006AE8D8CC4BBDB5A6B19B /* MyPluginLayerDebugView.m */ = {isa = PBXFileReference; name = "MyPluginLayerDebugView.m"; path = "cordova-plugin-googlemaps/MyPluginLayerDebugView.m"; sourceTree = "<group>"; fileEncoding = 4; lastKnownFileType = sourcecode.c.objc; explicitFileType = undefined; includeInIndex = 0; };
		FFE6EAE15DCC45CCADF1C641 /* MyPluginScrollView.m */ = {isa = PBXFileReference; name = "MyPluginScrollView.m"; path = "cordova-plugin-googlemaps/MyPluginScrollView.m"; sourceTree = "<group>"; fileEncoding = 4; lastKnownFileType = sourcecode.c.objc; explicitFileType = undefined; includeInIndex = 0; };
		33FC93C9084A44E6807BB922 /* PluginMarkerCluster.m */ = {isa = PBXFileReference; name = "PluginMarkerCluster.m"; path = "cordova-plugin-googlemaps/PluginMarkerCluster.m"; sourceTree = "<group>"; fileEncoding = 4; lastKnownFileType = sourcecode.c.objc; explicitFileType = undefined; includeInIndex = 0; };
		EC8AD1F343774D3092BE44BE /* UIImageCache.m */ = {isa = PBXFileReference; name = "UIImageCache.m"; path = "cordova-plugin-googlemaps/UIImageCache.m"; sourceTree = "<group>"; fileEncoding = 4; lastKnownFileType = sourcecode.c.objc; explicitFileType = undefined; includeInIndex = 0; };
		9925FA2DAA054A719840514E /* PluginCircle.h */ = {isa = PBXFileReference; name = "PluginCircle.h"; path = "cordova-plugin-googlemaps/PluginCircle.h"; sourceTree = "<group>"; fileEncoding = 4; lastKnownFileType = sourcecode.c.h; explicitFileType = undefined; includeInIndex = 0; };
		E6BC2F32C4874603AB40E037 /* PluginGeocoder.h */ = {isa = PBXFileReference; name = "PluginGeocoder.h"; path = "cordova-plugin-googlemaps/PluginGeocoder.h"; sourceTree = "<group>"; fileEncoding = 4; lastKnownFileType = sourcecode.c.h; explicitFileType = undefined; includeInIndex = 0; };
		DE7D4F0296844B03B6EA88AE /* Environment.h */ = {isa = PBXFileReference; name = "Environment.h"; path = "cordova-plugin-googlemaps/Environment.h"; sourceTree = "<group>"; fileEncoding = 4; lastKnownFileType = sourcecode.c.h; explicitFileType = undefined; includeInIndex = 0; };
		EF17D40B235E4C28A9E016DF /* CordovaGoogleMaps.h */ = {isa = PBXFileReference; name = "CordovaGoogleMaps.h"; path = "cordova-plugin-googlemaps/CordovaGoogleMaps.h"; sourceTree = "<group>"; fileEncoding = 4; lastKnownFileType = sourcecode.c.h; explicitFileType = undefined; includeInIndex = 0; };
		7CAD48AAAED5481BAF160DC5 /* GoogleMapsViewController.h */ = {isa = PBXFileReference; name = "GoogleMapsViewController.h"; path = "cordova-plugin-googlemaps/GoogleMapsViewController.h"; sourceTree = "<group>"; fileEncoding = 4; lastKnownFileType = sourcecode.c.h; explicitFileType = undefined; includeInIndex = 0; };
		87DCCA72C90F429196DDFF70 /* PluginGroundOverlay.h */ = {isa = PBXFileReference; name = "PluginGroundOverlay.h"; path = "cordova-plugin-googlemaps/PluginGroundOverlay.h"; sourceTree = "<group>"; fileEncoding = 4; lastKnownFileType = sourcecode.c.h; explicitFileType = undefined; includeInIndex = 0; };
		CA4C42D9EB98483B8A917D75 /* PluginKmlOverlay.h */ = {isa = PBXFileReference; name = "PluginKmlOverlay.h"; path = "cordova-plugin-googlemaps/PluginKmlOverlay.h"; sourceTree = "<group>"; fileEncoding = 4; lastKnownFileType = sourcecode.c.h; explicitFileType = undefined; includeInIndex = 0; };
		13CB0A31AD334483A98A6036 /* PluginMap.h */ = {isa = PBXFileReference; name = "PluginMap.h"; path = "cordova-plugin-googlemaps/PluginMap.h"; sourceTree = "<group>"; fileEncoding = 4; lastKnownFileType = sourcecode.c.h; explicitFileType = undefined; includeInIndex = 0; };
		673A94201C7E49CF9173E613 /* PluginMarker.h */ = {isa = PBXFileReference; name = "PluginMarker.h"; path = "cordova-plugin-googlemaps/PluginMarker.h"; sourceTree = "<group>"; fileEncoding = 4; lastKnownFileType = sourcecode.c.h; explicitFileType = undefined; includeInIndex = 0; };
		F6A7A6E7003C4C08A6B0C7FE /* MyPlgunProtocol.h */ = {isa = PBXFileReference; name = "MyPlgunProtocol.h"; path = "cordova-plugin-googlemaps/MyPlgunProtocol.h"; sourceTree = "<group>"; fileEncoding = 4; lastKnownFileType = sourcecode.c.h; explicitFileType = undefined; includeInIndex = 0; };
		D2AA414AB8434475884039AD /* PluginUtil.h */ = {isa = PBXFileReference; name = "PluginUtil.h"; path = "cordova-plugin-googlemaps/PluginUtil.h"; sourceTree = "<group>"; fileEncoding = 4; lastKnownFileType = sourcecode.c.h; explicitFileType = undefined; includeInIndex = 0; };
		EFA8EFAA7D4B4594B086CC38 /* PluginPolygon.h */ = {isa = PBXFileReference; name = "PluginPolygon.h"; path = "cordova-plugin-googlemaps/PluginPolygon.h"; sourceTree = "<group>"; fileEncoding = 4; lastKnownFileType = sourcecode.c.h; explicitFileType = undefined; includeInIndex = 0; };
		FE813DAAB5D34746A10E1EB0 /* PluginPolyline.h */ = {isa = PBXFileReference; name = "PluginPolyline.h"; path = "cordova-plugin-googlemaps/PluginPolyline.h"; sourceTree = "<group>"; fileEncoding = 4; lastKnownFileType = sourcecode.c.h; explicitFileType = undefined; includeInIndex = 0; };
		706DE01DA1B74AC2A9E4DBAA /* PluginTileProvider.h */ = {isa = PBXFileReference; name = "PluginTileProvider.h"; path = "cordova-plugin-googlemaps/PluginTileProvider.h"; sourceTree = "<group>"; fileEncoding = 4; lastKnownFileType = sourcecode.c.h; explicitFileType = undefined; includeInIndex = 0; };
		5710BF5378CE4FDDBE211814 /* TBXML.h */ = {isa = PBXFileReference; name = "TBXML.h"; path = "cordova-plugin-googlemaps/TBXML.h"; sourceTree = "<group>"; fileEncoding = 4; lastKnownFileType = sourcecode.c.h; explicitFileType = undefined; includeInIndex = 0; };
		980D176EE37C4EF4A3737D14 /* PluginTileOverlay.h */ = {isa = PBXFileReference; name = "PluginTileOverlay.h"; path = "cordova-plugin-googlemaps/PluginTileOverlay.h"; sourceTree = "<group>"; fileEncoding = 4; lastKnownFileType = sourcecode.c.h; explicitFileType = undefined; includeInIndex = 0; };
		60C42637FB3C4234AC4FE7AF /* NSData+Base64.h */ = {isa = PBXFileReference; name = "NSData+Base64.h"; path = "cordova-plugin-googlemaps/NSData+Base64.h"; sourceTree = "<group>"; fileEncoding = 4; lastKnownFileType = sourcecode.c.h; explicitFileType = undefined; includeInIndex = 0; };
		076CCDDB809741B2B3200C86 /* NSData+Base64.podspec */ = {isa = PBXFileReference; name = "NSData+Base64.podspec"; path = "cordova-plugin-googlemaps/NSData+Base64.podspec"; sourceTree = "<group>"; fileEncoding = undefined; lastKnownFileType = unknown; explicitFileType = undefined; includeInIndex = 0; };
		5555CBFC8D4A4E5B8DC89A9A /* GMSCoordinateBounds+Geometry.h */ = {isa = PBXFileReference; name = "GMSCoordinateBounds+Geometry.h"; path = "cordova-plugin-googlemaps/GMSCoordinateBounds+Geometry.h"; sourceTree = "<group>"; fileEncoding = 4; lastKnownFileType = sourcecode.c.h; explicitFileType = undefined; includeInIndex = 0; };
		73313C09D54D48DDAE58C27F /* MyPluginLayer.h */ = {isa = PBXFileReference; name = "MyPluginLayer.h"; path = "cordova-plugin-googlemaps/MyPluginLayer.h"; sourceTree = "<group>"; fileEncoding = 4; lastKnownFileType = sourcecode.c.h; explicitFileType = undefined; includeInIndex = 0; };
		75E55F25D98B4E27ABA1B7EE /* MyPluginLayerDebugView.h */ = {isa = PBXFileReference; name = "MyPluginLayerDebugView.h"; path = "cordova-plugin-googlemaps/MyPluginLayerDebugView.h"; sourceTree = "<group>"; fileEncoding = 4; lastKnownFileType = sourcecode.c.h; explicitFileType = undefined; includeInIndex = 0; };
		85778FB5C1164863BDC0332F /* MyPluginScrollView.h */ = {isa = PBXFileReference; name = "MyPluginScrollView.h"; path = "cordova-plugin-googlemaps/MyPluginScrollView.h"; sourceTree = "<group>"; fileEncoding = 4; lastKnownFileType = sourcecode.c.h; explicitFileType = undefined; includeInIndex = 0; };
		F27BC16DA8BE40D1B4515281 /* PluginMarkerCluster.h */ = {isa = PBXFileReference; name = "PluginMarkerCluster.h"; path = "cordova-plugin-googlemaps/PluginMarkerCluster.h"; sourceTree = "<group>"; fileEncoding = 4; lastKnownFileType = sourcecode.c.h; explicitFileType = undefined; includeInIndex = 0; };
		B65CFEBDB76A461F84990E71 /* UIImageCache.h */ = {isa = PBXFileReference; name = "UIImageCache.h"; path = "cordova-plugin-googlemaps/UIImageCache.h"; sourceTree = "<group>"; fileEncoding = 4; lastKnownFileType = sourcecode.c.h; explicitFileType = undefined; includeInIndex = 0; };
/* End PBXFileReference section */

/* Begin PBXFrameworksBuildPhase section */
		1D60588F0D05DD3D006BFB54 /* Frameworks */ = {
			isa = PBXFrameworksBuildPhase;
			buildActionMask = 2147483647;
			files = (
				301BF552109A68D80062928A /* libCordova.a in Frameworks */,
				66C5FFB037564535AECD2A40 /* Accelerate.framework in Frameworks */,
				A490AE058BB841C39BB3E599 /* CoreData.framework in Frameworks */,
				DD71507AA4A246FEAF912088 /* CoreLocation.framework in Frameworks */,
				890C596629E54F49BC3B90A2 /* CoreTelephony.framework in Frameworks */,
				448D6B1A14F54452A135E1D4 /* CoreText.framework in Frameworks */,
				56CD50B29C07447FB3EA7D64 /* GLKit.framework in Frameworks */,
				7DDCA03B56634E668907B3AA /* ImageIO.framework in Frameworks */,
				A74350FF06D842E69D0638B1 /* libc++.tbd in Frameworks */,
				31BE47430A454EEB9529A87D /* libz.tbd in Frameworks */,
				8DA4C855053E4DE0813CD4C8 /* OpenGLES.framework in Frameworks */,
				A123C600C1AD4D6DB3F08BD6 /* QuartzCore.framework in Frameworks */,
				3FF9B8A704AB4E708F21CAB8 /* SystemConfiguration.framework in Frameworks */,
				111E7C7CA9714473A5474619 /* UIKit.framework in Frameworks */,
				E7459A40E7C44BF993175CA9 /* GoogleMapsBase.framework in Frameworks */,
				C5F7E484A3DB462CAAD3E53E /* GoogleMaps.framework in Frameworks */,
				BD7345724A8D485A8139A5E0 /* GoogleMapsCore.framework in Frameworks */,
			);
			runOnlyForDeploymentPostprocessing = 0;
		};
/* End PBXFrameworksBuildPhase section */

/* Begin PBXGroup section */
		080E96DDFE201D6D7F000001 /* Classes */ = {
			isa = PBXGroup;
			children = (
				302D95EE14D2391D003F00A1 /* MainViewController.h */,
				302D95EF14D2391D003F00A1 /* MainViewController.m */,
				302D95F014D2391D003F00A1 /* MainViewController.xib */,
				1D3623240D0F684500981E51 /* AppDelegate.h */,
				1D3623250D0F684500981E51 /* AppDelegate.m */,
			);
			name = Classes;
			path = "Wherr/Classes";
			sourceTree = SOURCE_ROOT;
		};
		19C28FACFE9D520D11CA2CBB /* Products */ = {
			isa = PBXGroup;
			children = (
				1D6058910D05DD3D006BFB54 /* Wherr.app */,
			);
			name = Products;
			sourceTree = "<group>";
		};
		29B97314FDCFA39411CA2CEA /* CustomTemplate */ = {
			isa = PBXGroup;
			children = (
				EB87FDF41871DAF40020F90C /* config.xml */,
				EB87FDF31871DA8E0020F90C /* www */,
				EB87FDF11871DA420020F90C /* Staging */,
				301BF52D109A57CC0062928A /* CordovaLib.xcodeproj */,
				080E96DDFE201D6D7F000001 /* Classes */,
				307C750510C5A3420062BCA9 /* Plugins */,
				29B97315FDCFA39411CA2CEA /* Other Sources */,
				29B97317FDCFA39411CA2CEA /* Resources */,
				29B97323FDCFA39411CA2CEA /* Frameworks */,
				19C28FACFE9D520D11CA2CBB /* Products */,
			);
			name = CustomTemplate;
			sourceTree = "<group>";
		};
		29B97315FDCFA39411CA2CEA /* Other Sources */ = {
			isa = PBXGroup;
			children = (
				32CA4F630368D1EE00C91783 /* Wherr-Prefix.pch */,
				29B97316FDCFA39411CA2CEA /* main.m */,
				ED33DF2A687741AEAF9F8254 /* Bridging-Header.h */,
			);
			name = "Other Sources";
			path = "Wherr";
			sourceTree = "<group>";
		};
		29B97317FDCFA39411CA2CEA /* Resources */ = {
			isa = PBXGroup;
			children = (
				0207DA571B56EA530066E2B4 /* Images.xcassets */,
				3047A50E1AB8057F00498E2A /* config */,
				8D1107310486CEB800E47090 /* Wherr-Info.plist */,
				6AFF5BF81D6E424B00AB3073 /* CDVLaunchScreen.storyboard */,
				4FD06780A49E44F0904E9614 /* GoogleMaps.bundle */,
			);
			name = Resources;
			path = "Wherr/Resources";
			sourceTree = "<group>";
		};
		29B97323FDCFA39411CA2CEA /* Frameworks */ = {
			isa = PBXGroup;
			children = (
				17DE6A28EDF7450D81D813D5 /* Accelerate.framework */,
				BE08F767FD564E89930CAD18 /* CoreData.framework */,
				68D8ED2F9A4A4BE48DBD14BF /* CoreLocation.framework */,
				560D5F70CE2849AAB3E8F11E /* CoreTelephony.framework */,
				C2E9BD16D4B04938ADACE54D /* CoreText.framework */,
				43F3CCF84C2542DCA7833486 /* GLKit.framework */,
				673348B12C4C43BBA3BEBDC0 /* ImageIO.framework */,
				5A90A21C20164F0B9B0573AE /* libc++.tbd */,
				D93D879BB6FF4C2A9D5FC1C7 /* libz.tbd */,
				065B8AA1B3F640E7956995F5 /* OpenGLES.framework */,
				D183B7BED8174107AABAA8A9 /* QuartzCore.framework */,
				CDB6E70CD4B74ABFBA784261 /* SystemConfiguration.framework */,
				1204B49F1D4644CE9F5C5F24 /* UIKit.framework */,
				DA4F50CA649449AD87D2F62E /* GoogleMapsBase.framework */,
				8FA9D267FC6F46C18B32D566 /* GoogleMaps.framework */,
				44A1103E2B48476EA172CC73 /* GoogleMapsCore.framework */,
			);
			name = Frameworks;
			sourceTree = "<group>";
		};
		301BF52E109A57CC0062928A /* Products */ = {
			isa = PBXGroup;
			children = (
				301BF535109A57CC0062928A /* libCordova.a */,
			);
			name = Products;
			sourceTree = "<group>";
		};
		3047A50E1AB8057F00498E2A /* config */ = {
			isa = PBXGroup;
			children = (
				3047A50F1AB8059700498E2A /* build-debug.xcconfig */,
				3047A5101AB8059700498E2A /* build-release.xcconfig */,
				3047A5111AB8059700498E2A /* build.xcconfig */,
			);
			name = config;
			sourceTree = "<group>";
		};
		307C750510C5A3420062BCA9 /* Plugins */ = {
			isa = PBXGroup;
			children = (
				A18E0149A1B84FB29CA83D24 /* PluginCircle.m */,
				A87BA81E9D47421F98496C6B /* PluginGeocoder.m */,
				5C96ABE66F6541F78DE46C8F /* Environment.m */,
				410693BC9A0F43E388BD5B51 /* CordovaGoogleMaps.m */,
				8F72D781B7A242A9B14D8830 /* GoogleMapsViewController.m */,
				A9FA7EDF69D94B89BB2A74D5 /* PluginGroundOverlay.m */,
				0574BBA9F3BE481D87E8FF36 /* PluginKmlOverlay.m */,
				7E80A31347A34EF69DB77E4C /* PluginMap.m */,
				A39474A997FB4C4585969C15 /* PluginMarker.m */,
				5515E519B5FA4D66931279BF /* PluginUtil.m */,
				A4DDAE07D30C468AB1632297 /* PluginPolygon.m */,
				1FFB0C26DDE44ACD9B46C90A /* PluginPolyline.m */,
				905670078E2C44FAB772C533 /* PluginTileProvider.m */,
				19247C4AA8DF489D8C422B62 /* TBXML.m */,
				EDDBA68EE3EF4F9CAC7AC92E /* PluginTileOverlay.m */,
				E03EF17112F24B11BEE25FF7 /* NSData+Base64.m */,
				ECFE0B63DA274462AA55BD37 /* GMSCoordinateBounds+Geometry.m */,
				7C3728B1D89B484B998ABC36 /* MyPluginLayer.m */,
				5D006AE8D8CC4BBDB5A6B19B /* MyPluginLayerDebugView.m */,
				FFE6EAE15DCC45CCADF1C641 /* MyPluginScrollView.m */,
				33FC93C9084A44E6807BB922 /* PluginMarkerCluster.m */,
				EC8AD1F343774D3092BE44BE /* UIImageCache.m */,
				9925FA2DAA054A719840514E /* PluginCircle.h */,
				E6BC2F32C4874603AB40E037 /* PluginGeocoder.h */,
				DE7D4F0296844B03B6EA88AE /* Environment.h */,
				EF17D40B235E4C28A9E016DF /* CordovaGoogleMaps.h */,
				7CAD48AAAED5481BAF160DC5 /* GoogleMapsViewController.h */,
				87DCCA72C90F429196DDFF70 /* PluginGroundOverlay.h */,
				CA4C42D9EB98483B8A917D75 /* PluginKmlOverlay.h */,
				13CB0A31AD334483A98A6036 /* PluginMap.h */,
				673A94201C7E49CF9173E613 /* PluginMarker.h */,
				F6A7A6E7003C4C08A6B0C7FE /* MyPlgunProtocol.h */,
				D2AA414AB8434475884039AD /* PluginUtil.h */,
				EFA8EFAA7D4B4594B086CC38 /* PluginPolygon.h */,
				FE813DAAB5D34746A10E1EB0 /* PluginPolyline.h */,
				706DE01DA1B74AC2A9E4DBAA /* PluginTileProvider.h */,
				5710BF5378CE4FDDBE211814 /* TBXML.h */,
				980D176EE37C4EF4A3737D14 /* PluginTileOverlay.h */,
				60C42637FB3C4234AC4FE7AF /* NSData+Base64.h */,
				076CCDDB809741B2B3200C86 /* NSData+Base64.podspec */,
				5555CBFC8D4A4E5B8DC89A9A /* GMSCoordinateBounds+Geometry.h */,
				73313C09D54D48DDAE58C27F /* MyPluginLayer.h */,
				75E55F25D98B4E27ABA1B7EE /* MyPluginLayerDebugView.h */,
				85778FB5C1164863BDC0332F /* MyPluginScrollView.h */,
				F27BC16DA8BE40D1B4515281 /* PluginMarkerCluster.h */,
				B65CFEBDB76A461F84990E71 /* UIImageCache.h */,
			);
			name = Plugins;
			path = "Wherr/Plugins";
			sourceTree = SOURCE_ROOT;
		};
		EB87FDF11871DA420020F90C /* Staging */ = {
			isa = PBXGroup;
			children = (
				F840E1F0165FE0F500CFE078 /* config.xml */,
				301BF56E109A69640062928A /* www */,
			);
			name = Staging;
			sourceTree = "<group>";
		};
/* End PBXGroup section */

/* Begin PBXNativeTarget section */
		1D6058900D05DD3D006BFB54 /* Wherr */ = {
			isa = PBXNativeTarget;
			buildConfigurationList = 1D6058960D05DD3E006BFB54 /* Build configuration list for PBXNativeTarget "Wherr" */;
			buildPhases = (
				304B58A110DAC018002A0835 /* Copy www directory */,
				1D60588D0D05DD3D006BFB54 /* Resources */,
				1D60588E0D05DD3D006BFB54 /* Sources */,
				1D60588F0D05DD3D006BFB54 /* Frameworks */,
			);
			buildRules = (
			);
			dependencies = (
				301BF551109A68C00062928A /* PBXTargetDependency */,
			);
			name = "Wherr";
			productName = "Wherr";
			productReference = 1D6058910D05DD3D006BFB54 /* Wherr.app */;
			productType = "com.apple.product-type.application";
		};
/* End PBXNativeTarget section */

/* Begin PBXProject section */
		29B97313FDCFA39411CA2CEA /* Project object */ = {
			isa = PBXProject;
			attributes = {
				LastUpgradeCheck = 510;
			};
			buildConfigurationList = C01FCF4E08A954540054247B /* Build configuration list for PBXProject "__NON-CLI__" */;
			compatibilityVersion = "Xcode 3.2";
			developmentRegion = English;
			hasScannedForEncodings = 1;
			mainGroup = 29B97314FDCFA39411CA2CEA /* CustomTemplate */;
			projectDirPath = "";
			projectReferences = (
				{
					ProductGroup = 301BF52E109A57CC0062928A /* Products */;
					ProjectRef = 301BF52D109A57CC0062928A /* CordovaLib.xcodeproj */;
				},
			);
			projectRoot = "";
			targets = (
				1D6058900D05DD3D006BFB54 /* Wherr */,
			);
		};
/* End PBXProject section */

/* Begin PBXReferenceProxy section */
		301BF535109A57CC0062928A /* libCordova.a */ = {
			isa = PBXReferenceProxy;
			fileType = archive.ar;
			path = libCordova.a;
			remoteRef = 301BF534109A57CC0062928A /* PBXContainerItemProxy */;
			sourceTree = BUILT_PRODUCTS_DIR;
		};
/* End PBXReferenceProxy section */

/* Begin PBXResourcesBuildPhase section */
		1D60588D0D05DD3D006BFB54 /* Resources */ = {
			isa = PBXResourcesBuildPhase;
			buildActionMask = 2147483647;
			files = (
				302D95F214D2391D003F00A1 /* MainViewController.xib in Resources */,
				0207DA581B56EA530066E2B4 /* Images.xcassets in Resources */,
				6AFF5BF91D6E424B00AB3073 /* CDVLaunchScreen.storyboard in Resources */,
				A4E7D6ECD2394E29AA073A96 /* GoogleMaps.bundle in Resources */,
			);
			runOnlyForDeploymentPostprocessing = 0;
		};
/* End PBXResourcesBuildPhase section */

/* Begin PBXShellScriptBuildPhase section */
		304B58A110DAC018002A0835 /* Copy www directory */ = {
			isa = PBXShellScriptBuildPhase;
			buildActionMask = 2147483647;
			files = (
			);
			inputPaths = (
			);
			name = "Copy www directory";
			outputPaths = (
			);
			runOnlyForDeploymentPostprocessing = 0;
			shellPath = /bin/sh;
			shellScript = "NODEJS_PATH=/usr/local/bin; NVM_NODE_PATH=~/.nvm/versions/node/`nvm version 2>/dev/null`/bin; N_NODE_PATH=`find /usr/local/n/versions/node/* -maxdepth 0 -type d 2>/dev/null | tail -1`/bin; XCODE_NODE_PATH=`xcode-select --print-path`/usr/share/xcs/Node/bin; PATH=$NODEJS_PATH:$NVM_NODE_PATH:$N_NODE_PATH:$XCODE_NODE_PATH:$PATH && node cordova/lib/copy-www-build-step.js";
			showEnvVarsInLog = 0;
		};
/* End PBXShellScriptBuildPhase section */

/* Begin PBXSourcesBuildPhase section */
		1D60588E0D05DD3D006BFB54 /* Sources */ = {
			isa = PBXSourcesBuildPhase;
			buildActionMask = 2147483647;
			files = (
				1D60589B0D05DD56006BFB54 /* main.m in Sources */,
				1D3623260D0F684500981E51 /* AppDelegate.m in Sources */,
				302D95F114D2391D003F00A1 /* MainViewController.m in Sources */,
				F12325A22D2A4658AE58E2AE /* PluginCircle.m in Sources */,
				4B26DF8948BB43AE892D16FC /* PluginGeocoder.m in Sources */,
				F498B908425D41ADB7D8209A /* Environment.m in Sources */,
				38448CC89EE9470194A56126 /* CordovaGoogleMaps.m in Sources */,
				9BD8301EE6EA49FD9FCC7247 /* GoogleMapsViewController.m in Sources */,
				C688630942674C36A1C3FA9C /* PluginGroundOverlay.m in Sources */,
				3E56E9EC68FE4AD49489B561 /* PluginKmlOverlay.m in Sources */,
				B7155197D9554B38997D2D23 /* PluginMap.m in Sources */,
				6847643EF5F74C118B7889EB /* PluginMarker.m in Sources */,
				C0680E8E4F95486F886ACCC2 /* PluginUtil.m in Sources */,
				587D3CC5B85A4A54A3B40FD9 /* PluginPolygon.m in Sources */,
				C0B18693AD6F4DF391573FF7 /* PluginPolyline.m in Sources */,
				BB6EF5CAB6F74F3790146E90 /* PluginTileProvider.m in Sources */,
				3C6B61EE4AAA42D4BE619836 /* TBXML.m in Sources */,
				476C291215334736A9F050A4 /* PluginTileOverlay.m in Sources */,
				CF30C4BCB8EE49C2904CED04 /* NSData+Base64.m in Sources */,
				E7770AB3829C429195F1CD37 /* GMSCoordinateBounds+Geometry.m in Sources */,
				EDB19D9E14704E31953F6CC5 /* MyPluginLayer.m in Sources */,
				953342EF3DD34F7684F3A500 /* MyPluginLayerDebugView.m in Sources */,
				FC9D5048946D434E9356E5F2 /* MyPluginScrollView.m in Sources */,
				5620835D8C214223B7D848AC /* PluginMarkerCluster.m in Sources */,
				B9BF978AD737483EA6963C50 /* UIImageCache.m in Sources */,
			);
			runOnlyForDeploymentPostprocessing = 0;
		};
/* End PBXSourcesBuildPhase section */

/* Begin PBXTargetDependency section */
		301BF551109A68C00062928A /* PBXTargetDependency */ = {
			isa = PBXTargetDependency;
			name = CordovaLib;
			targetProxy = 301BF550109A68C00062928A /* PBXContainerItemProxy */;
		};
/* End PBXTargetDependency section */

/* Begin XCBuildConfiguration section */
		1D6058940D05DD3E006BFB54 /* Debug */ = {
			isa = XCBuildConfiguration;
			baseConfigurationReference = 3047A50F1AB8059700498E2A /* build-debug.xcconfig */;
			buildSettings = {
				ALWAYS_SEARCH_USER_PATHS = NO;
				ASSETCATALOG_COMPILER_APPICON_NAME = AppIcon;
				ASSETCATALOG_COMPILER_LAUNCHIMAGE_NAME = LaunchImage;
				CLANG_ENABLE_MODULES = YES;
				CLANG_ENABLE_OBJC_ARC = YES;
				COPY_PHASE_STRIP = NO;
				GCC_DYNAMIC_NO_PIC = NO;
				GCC_OPTIMIZATION_LEVEL = 0;
				GCC_PRECOMPILE_PREFIX_HEADER = YES;
				GCC_PREFIX_HEADER = "Wherr/Wherr-Prefix.pch";
				GCC_THUMB_SUPPORT = NO;
				GCC_VERSION = "";
				INFOPLIST_FILE = "Wherr/Wherr-Info.plist";
				IPHONEOS_DEPLOYMENT_TARGET = 9.0;
				LD_RUNPATH_SEARCH_PATHS = "@executable_path/Frameworks";
				TARGETED_DEVICE_FAMILY = "1,2";
				PRODUCT_NAME = "Wherr";
				FRAMEWORK_SEARCH_PATHS = (
					"$(inherited)",
					"\"Wherr/Plugins/com.googlemaps.ios\"",
					"\"Wherr/Plugins/com.googlemaps.ios\"",
					"\"Wherr/Plugins/com.googlemaps.ios\"",
					"\"Wherr/Plugins/com.googlemaps.ios\"",
					"\"Wherr/Plugins/com.googlemaps.ios\"",
					"\"Wherr/Plugins/com.googlemaps.ios\"",
					"\"Wherr/Plugins/cordova-plugin-firebase-realtime-database\"",
					"\"Wherr/Plugins/cordova-plugin-firebase-realtime-database\"",
					"\"Wherr/Plugins/cordova-plugin-firebase-realtime-database\"",
					"\"Wherr/Plugins/cordova-plugin-firebase-realtime-database\"",
					"\"Wherr/Plugins/cordova-plugin-firebase-realtime-database\"",
					"\"Wherr/Plugins/cordova-plugin-firebase-realtime-database\"",
					"\"Wherr/Plugins/cordova-plugin-firebase-realtime-database\"",
					"\"Wherr/Plugins/cordova-plugin-firebase-realtime-database\"",
				);
			};
			name = Debug;
		};
		1D6058950D05DD3E006BFB54 /* Release */ = {
			isa = XCBuildConfiguration;
			baseConfigurationReference = 3047A5101AB8059700498E2A /* build-release.xcconfig */;
			buildSettings = {
				ALWAYS_SEARCH_USER_PATHS = NO;
				ASSETCATALOG_COMPILER_APPICON_NAME = AppIcon;
				ASSETCATALOG_COMPILER_LAUNCHIMAGE_NAME = LaunchImage;
				CLANG_ENABLE_MODULES = YES;
				CLANG_ENABLE_OBJC_ARC = YES;
				COPY_PHASE_STRIP = YES;
				GCC_PRECOMPILE_PREFIX_HEADER = YES;
				GCC_PREFIX_HEADER = "Wherr/Wherr-Prefix.pch";
				GCC_THUMB_SUPPORT = NO;
				GCC_VERSION = "";
				INFOPLIST_FILE = "Wherr/Wherr-Info.plist";
				IPHONEOS_DEPLOYMENT_TARGET = 9.0;
				LD_RUNPATH_SEARCH_PATHS = "@executable_path/Frameworks";
				TARGETED_DEVICE_FAMILY = "1,2";
				PRODUCT_NAME = "Wherr";
				FRAMEWORK_SEARCH_PATHS = (
					"$(inherited)",
					"\"Wherr/Plugins/com.googlemaps.ios\"",
					"\"Wherr/Plugins/com.googlemaps.ios\"",
					"\"Wherr/Plugins/com.googlemaps.ios\"",
					"\"Wherr/Plugins/com.googlemaps.ios\"",
					"\"Wherr/Plugins/com.googlemaps.ios\"",
					"\"Wherr/Plugins/com.googlemaps.ios\"",
					"\"Wherr/Plugins/cordova-plugin-firebase-realtime-database\"",
					"\"Wherr/Plugins/cordova-plugin-firebase-realtime-database\"",
					"\"Wherr/Plugins/cordova-plugin-firebase-realtime-database\"",
					"\"Wherr/Plugins/cordova-plugin-firebase-realtime-database\"",
					"\"Wherr/Plugins/cordova-plugin-firebase-realtime-database\"",
					"\"Wherr/Plugins/cordova-plugin-firebase-realtime-database\"",
					"\"Wherr/Plugins/cordova-plugin-firebase-realtime-database\"",
					"\"Wherr/Plugins/cordova-plugin-firebase-realtime-database\"",
				);
			};
			name = Release;
		};
		C01FCF4F08A954540054247B /* Debug */ = {
			isa = XCBuildConfiguration;
			baseConfigurationReference = 3047A5111AB8059700498E2A /* build.xcconfig */;
			buildSettings = {
				CLANG_ENABLE_MODULES = YES;
				CLANG_ENABLE_OBJC_ARC = YES;
				CLANG_WARN_BOOL_CONVERSION = YES;
				CLANG_WARN_CONSTANT_CONVERSION = YES;
				CLANG_WARN_EMPTY_BODY = YES;
				CLANG_WARN_ENUM_CONVERSION = YES;
				CLANG_WARN_INT_CONVERSION = YES;
				CLANG_WARN__DUPLICATE_METHOD_MATCH = YES;
				GCC_C_LANGUAGE_STANDARD = c99;
				GCC_THUMB_SUPPORT = NO;
				GCC_VERSION = "";
				GCC_WARN_ABOUT_RETURN_TYPE = YES;
				GCC_WARN_UNDECLARED_SELECTOR = YES;
				GCC_WARN_UNINITIALIZED_AUTOS = YES;
				GCC_WARN_UNUSED_FUNCTION = YES;
				GCC_WARN_UNUSED_VARIABLE = YES;
				ONLY_ACTIVE_ARCH = YES;
				SDKROOT = iphoneos;
				SKIP_INSTALL = NO;
			};
			name = Debug;
		};
		C01FCF5008A954540054247B /* Release */ = {
			isa = XCBuildConfiguration;
			baseConfigurationReference = 3047A5111AB8059700498E2A /* build.xcconfig */;
			buildSettings = {
				CLANG_ENABLE_MODULES = YES;
				CLANG_ENABLE_OBJC_ARC = YES;
				CLANG_WARN_BOOL_CONVERSION = YES;
				CLANG_WARN_CONSTANT_CONVERSION = YES;
				CLANG_WARN_EMPTY_BODY = YES;
				CLANG_WARN_ENUM_CONVERSION = YES;
				CLANG_WARN_INT_CONVERSION = YES;
				CLANG_WARN__DUPLICATE_METHOD_MATCH = YES;
				GCC_C_LANGUAGE_STANDARD = c99;
				GCC_THUMB_SUPPORT = NO;
				GCC_VERSION = "";
				GCC_WARN_ABOUT_RETURN_TYPE = YES;
				GCC_WARN_UNDECLARED_SELECTOR = YES;
				GCC_WARN_UNINITIALIZED_AUTOS = YES;
				GCC_WARN_UNUSED_FUNCTION = YES;
				GCC_WARN_UNUSED_VARIABLE = YES;
				SDKROOT = iphoneos;
				SKIP_INSTALL = NO;
			};
			name = Release;
		};
/* End XCBuildConfiguration section */

/* Begin XCConfigurationList section */
		1D6058960D05DD3E006BFB54 /* Build configuration list for PBXNativeTarget "Wherr" */ = {
			isa = XCConfigurationList;
			buildConfigurations = (
				1D6058940D05DD3E006BFB54 /* Debug */,
				1D6058950D05DD3E006BFB54 /* Release */,
			);
			defaultConfigurationIsVisible = 0;
			defaultConfigurationName = Release;
		};
		C01FCF4E08A954540054247B /* Build configuration list for PBXProject "__NON-CLI__" */ = {
			isa = XCConfigurationList;
			buildConfigurations = (
				C01FCF4F08A954540054247B /* Debug */,
				C01FCF5008A954540054247B /* Release */,
			);
			defaultConfigurationIsVisible = 0;
			defaultConfigurationName = Release;
		};
/* End XCConfigurationList section */
	};
	rootObject = 29B97313FDCFA39411CA2CEA /* Project object */;
}
